
Microsoft Visual Studio Solution File, Format Version 11.00
# Visual Studio 2010
Project("{FAE04EC0-301F-11D3-BF4B-00C04F79EFBC}") = "System.Abstract", "System.Abstract\System.Abstract.csproj", "{A44E9D89-BFF2-41A4-AADC-3C2BDFDAEEB1}"
EndProject
Project("{FAE04EC0-301F-11D3-BF4B-00C04F79EFBC}") = "Contoso.Abstract.ApplicationBus", "Contoso.Abstract.ApplicationBus\Contoso.Abstract.ApplicationBus.csproj", "{7F717114-B597-4B43-931A-529F696A549A}"
EndProject
Project("{FAE04EC0-301F-11D3-BF4B-00C04F79EFBC}") = "Contoso.Abstract.Autofac", "Contoso.Abstract.Autofac\Contoso.Abstract.Autofac.csproj", "{3AB44594-75F2-4D20-8450-F3FA9D4DE763}"
EndProject
Project("{FAE04EC0-301F-11D3-BF4B-00C04F79EFBC}") = "Contoso.Abstract.MongoDB", "Contoso.Abstract.MongoDB\Contoso.Abstract.MongoDB.csproj", "{02959882-7BAC-4763-B26E-58ED362A9A3F}"
EndProject
Project("{FAE04EC0-301F-11D3-BF4B-00C04F79EFBC}") = "Contoso.Abstract.Ninject", "Contoso.Abstract.Ninject\Contoso.Abstract.Ninject.csproj", "{03A4AE50-0401-4DDB-96E8-B90A5D64FA93}"
EndProject
Project("{FAE04EC0-301F-11D3-BF4B-00C04F79EFBC}") = "Contoso.Abstract.NServiceBus", "Contoso.Abstract.NServiceBus\Contoso.Abstract.NServiceBus.csproj", "{BF36681D-4869-48B6-B2E9-F78430206F62}"
EndProject
Project("{FAE04EC0-301F-11D3-BF4B-00C04F79EFBC}") = "Contoso.Abstract.TypeSerializer", "Contoso.Abstract.TypeSerializer\Contoso.Abstract.TypeSerializer.csproj", "{45479754-BA8C-46CE-B42A-1432EC8CEE6B}"
EndProject
Project("{FAE04EC0-301F-11D3-BF4B-00C04F79EFBC}") = "Contoso.Abstract.Sql", "Contoso.Abstract.Sql\Contoso.Abstract.Sql.csproj", "{530515EF-6DFC-4A59-BCF2-F0F998DC6D89}"
EndProject
Project("{FAE04EC0-301F-11D3-BF4B-00C04F79EFBC}") = "Contoso.Abstract.StructureMap", "Contoso.Abstract.StructureMap\Contoso.Abstract.StructureMap.csproj", "{48DC2445-A460-4B42-B175-10B0924B248C}"
EndProject
Project("{FAE04EC0-301F-11D3-BF4B-00C04F79EFBC}") = "Contoso.Abstract.Unity", "Contoso.Abstract.Unity\Contoso.Abstract.Unity.csproj", "{21FCE5EA-3C6D-43D7-9984-1278307AB77E}"
EndProject
Project("{FAE04EC0-301F-11D3-BF4B-00C04F79EFBC}") = "Contoso.Abstract.CastleWindsor", "Contoso.Abstract.CastleWindsor\Contoso.Abstract.CastleWindsor.csproj", "{C03A8167-F65E-4271-978C-E72914C9C311}"
EndProject
Project("{FAE04EC0-301F-11D3-BF4B-00C04F79EFBC}") = "Contoso.Abstract.Msmq", "Contoso.Abstract.Msmq\Contoso.Abstract.Msmq.csproj", "{329592DA-BAC3-41D0-9197-EC1186A28560}"
EndProject
Project("{FAE04EC0-301F-11D3-BF4B-00C04F79EFBC}") = "Contoso.Abstract.RabbitMQ", "Contoso.Abstract.RabbitMQ\Contoso.Abstract.RabbitMQ.csproj", "{23DE10E6-3675-417C-A0E6-FE9CF566CBB0}"
EndProject
Project("{FAE04EC0-301F-11D3-BF4B-00C04F79EFBC}") = "Contoso.Abstract.SpringNet", "Contoso.Abstract.SpringNet\Contoso.Abstract.SpringNet.csproj", "{08D54C60-5744-423F-A700-9ABE13C62B20}"
EndProject
Project("{FAE04EC0-301F-11D3-BF4B-00C04F79EFBC}") = "Example", "Example\Example.csproj", "{53E4420E-F7BB-4647-B6AE-BA2C1AC53237}"
EndProject
Project("{FAE04EC0-301F-11D3-BF4B-00C04F79EFBC}") = "Contoso.Abstract.ApplicationBus.4", "Contoso.Abstract.ApplicationBus.4\Contoso.Abstract.ApplicationBus.4.csproj", "{2D0DAEDD-96E3-4395-AA31-A2407B03CB95}"
EndProject
Project("{FAE04EC0-301F-11D3-BF4B-00C04F79EFBC}") = "System.Abstract.4", "System.Abstract.4\System.Abstract.4.csproj", "{8E4B8D27-6CFB-414D-8597-6B92F13BCAAA}"
EndProject
Project("{FAE04EC0-301F-11D3-BF4B-00C04F79EFBC}") = "Contoso.Abstract.Autofac.4", "Contoso.Abstract.Autofac.4\Contoso.Abstract.Autofac.4.csproj", "{078ECB87-6595-448E-8054-FB999B0DB350}"
EndProject
Project("{FAE04EC0-301F-11D3-BF4B-00C04F79EFBC}") = "Contoso.Abstract.MongoDB.4", "Contoso.Abstract.MongoDB.4\Contoso.Abstract.MongoDB.4.csproj", "{F3B9AFC0-A8D9-4D7F-B660-54553A8A7A30}"
EndProject
Project("{FAE04EC0-301F-11D3-BF4B-00C04F79EFBC}") = "Contoso.Abstract.Msmq.4", "Contoso.Abstract.Msmq.4\Contoso.Abstract.Msmq.4.csproj", "{38A2CF20-3E58-4C61-AEAC-4230C0F3F8AC}"
EndProject
Project("{FAE04EC0-301F-11D3-BF4B-00C04F79EFBC}") = "Contoso.Abstract.Ninject.4", "Contoso.Abstract.Ninject.4\Contoso.Abstract.Ninject.4.csproj", "{D85B51C1-9B97-4AF0-B0BE-BAE93866103A}"
EndProject
Project("{FAE04EC0-301F-11D3-BF4B-00C04F79EFBC}") = "Contoso.Abstract.NServiceBus.4", "Contoso.Abstract.NServiceBus.4\Contoso.Abstract.NServiceBus.4.csproj", "{9F470F63-B509-4B5F-B2A4-3364914935E4}"
EndProject
Project("{FAE04EC0-301F-11D3-BF4B-00C04F79EFBC}") = "Contoso.Abstract.RabbitMQ.4", "Contoso.Abstract.RabbitMQ.4\Contoso.Abstract.RabbitMQ.4.csproj", "{2512C0B2-013C-4E2C-8BA1-29B919B3CFB3}"
EndProject
Project("{FAE04EC0-301F-11D3-BF4B-00C04F79EFBC}") = "Contoso.Abstract.TypeSerializer.4", "Contoso.Abstract.TypeSerializer.4\Contoso.Abstract.TypeSerializer.4.csproj", "{4B9E4DED-536A-450E-9B34-53383D3D1BFC}"
EndProject
Project("{FAE04EC0-301F-11D3-BF4B-00C04F79EFBC}") = "Contoso.Abstract.SpringNet.4", "Contoso.Abstract.SpringNet.4\Contoso.Abstract.SpringNet.4.csproj", "{AF124673-8996-4EB5-A2E5-AF94C7B8F667}"
EndProject
Project("{FAE04EC0-301F-11D3-BF4B-00C04F79EFBC}") = "Contoso.Abstract.Sql.4", "Contoso.Abstract.Sql.4\Contoso.Abstract.Sql.4.csproj", "{875FB8E5-8631-42E5-9DA2-8D8037627592}"
EndProject
Project("{FAE04EC0-301F-11D3-BF4B-00C04F79EFBC}") = "Contoso.Abstract.StructureMap.4", "Contoso.Abstract.StructureMap.4\Contoso.Abstract.StructureMap.4.csproj", "{C8B19127-C82E-45C5-8A6D-DA22AE9C8A7B}"
EndProject
Project("{FAE04EC0-301F-11D3-BF4B-00C04F79EFBC}") = "Contoso.Abstract.Unity.4", "Contoso.Abstract.Unity.4\Contoso.Abstract.Unity.4.csproj", "{D8273634-E428-474A-98EB-4D9374F782A2}"
EndProject
Project("{FAE04EC0-301F-11D3-BF4B-00C04F79EFBC}") = "Contoso.Abstract.CastleWindsor.4", "Contoso.Abstract.CastleWindsor.4\Contoso.Abstract.CastleWindsor.4.csproj", "{BBF59724-E4CC-4243-9E43-9860B39EAB69}"
EndProject
Project("{FAE04EC0-301F-11D3-BF4B-00C04F79EFBC}") = "Contoso.Abstract.Hiro", "Contoso.Abstract.Hiro\Contoso.Abstract.Hiro.csproj", "{60E87E13-151E-40A4-A896-D1C3E2B4DEE7}"
EndProject
Project("{FAE04EC0-301F-11D3-BF4B-00C04F79EFBC}") = "Contoso.Abstract.Hiro.4", "Contoso.Abstract.Hiro.4\Contoso.Abstract.Hiro.4.csproj", "{EE635BC7-9410-471D-9C8C-A89302DF0822}"
EndProject
Project("{FAE04EC0-301F-11D3-BF4B-00C04F79EFBC}") = "Contoso.Abstract.ServerAppFabric", "Contoso.Abstract.ServerAppFabric\Contoso.Abstract.ServerAppFabric.csproj", "{11AB87CE-AC55-4371-B2FB-F8D8E445654F}"
EndProject
Project("{FAE04EC0-301F-11D3-BF4B-00C04F79EFBC}") = "Contoso.Abstract.ServerAppFabric.4", "Contoso.Abstract.ServerAppFabric.4\Contoso.Abstract.ServerAppFabric.4.csproj", "{5E99415E-B741-446D-B640-6EDF90063994}"
EndProject
Project("{FAE04EC0-301F-11D3-BF4B-00C04F79EFBC}") = "Contoso.Abstract.Web", "Contoso.Abstract.Web\Contoso.Abstract.Web.csproj", "{D1EBE7A3-1CFD-438C-A007-FF281F0B1D2A}"
EndProject
Project("{FAE04EC0-301F-11D3-BF4B-00C04F79EFBC}") = "Contoso.Abstract.Web.4", "Contoso.Abstract.Web.4\Contoso.Abstract.Web.4.csproj", "{4FF6400F-0C67-4156-AE24-9DC8D3A36FF8}"
EndProject
Global
	GlobalSection(SolutionConfigurationPlatforms) = preSolution
		Debug|Any CPU = Debug|Any CPU
		Debug|Mixed Platforms = Debug|Mixed Platforms
		Debug|x86 = Debug|x86
		Release|Any CPU = Release|Any CPU
		Release|Mixed Platforms = Release|Mixed Platforms
		Release|x86 = Release|x86
	EndGlobalSection
	GlobalSection(ProjectConfigurationPlatforms) = postSolution
		{A44E9D89-BFF2-41A4-AADC-3C2BDFDAEEB1}.Debug|Any CPU.ActiveCfg = Debug|Any CPU
		{A44E9D89-BFF2-41A4-AADC-3C2BDFDAEEB1}.Debug|Any CPU.Build.0 = Debug|Any CPU
		{A44E9D89-BFF2-41A4-AADC-3C2BDFDAEEB1}.Debug|Mixed Platforms.ActiveCfg = Debug|Any CPU
		{A44E9D89-BFF2-41A4-AADC-3C2BDFDAEEB1}.Debug|Mixed Platforms.Build.0 = Debug|Any CPU
		{A44E9D89-BFF2-41A4-AADC-3C2BDFDAEEB1}.Debug|x86.ActiveCfg = Debug|Any CPU
		{A44E9D89-BFF2-41A4-AADC-3C2BDFDAEEB1}.Release|Any CPU.ActiveCfg = Release|Any CPU
		{A44E9D89-BFF2-41A4-AADC-3C2BDFDAEEB1}.Release|Any CPU.Build.0 = Release|Any CPU
		{A44E9D89-BFF2-41A4-AADC-3C2BDFDAEEB1}.Release|Mixed Platforms.ActiveCfg = Release|Any CPU
		{A44E9D89-BFF2-41A4-AADC-3C2BDFDAEEB1}.Release|Mixed Platforms.Build.0 = Release|Any CPU
		{A44E9D89-BFF2-41A4-AADC-3C2BDFDAEEB1}.Release|x86.ActiveCfg = Release|Any CPU
		{7F717114-B597-4B43-931A-529F696A549A}.Debug|Any CPU.ActiveCfg = Debug|Any CPU
		{7F717114-B597-4B43-931A-529F696A549A}.Debug|Any CPU.Build.0 = Debug|Any CPU
		{7F717114-B597-4B43-931A-529F696A549A}.Debug|Mixed Platforms.ActiveCfg = Debug|Any CPU
		{7F717114-B597-4B43-931A-529F696A549A}.Debug|Mixed Platforms.Build.0 = Debug|Any CPU
		{7F717114-B597-4B43-931A-529F696A549A}.Debug|x86.ActiveCfg = Debug|Any CPU
		{7F717114-B597-4B43-931A-529F696A549A}.Release|Any CPU.ActiveCfg = Release|Any CPU
		{7F717114-B597-4B43-931A-529F696A549A}.Release|Any CPU.Build.0 = Release|Any CPU
		{7F717114-B597-4B43-931A-529F696A549A}.Release|Mixed Platforms.ActiveCfg = Release|Any CPU
		{7F717114-B597-4B43-931A-529F696A549A}.Release|Mixed Platforms.Build.0 = Release|Any CPU
		{7F717114-B597-4B43-931A-529F696A549A}.Release|x86.ActiveCfg = Release|Any CPU
		{3AB44594-75F2-4D20-8450-F3FA9D4DE763}.Debug|Any CPU.ActiveCfg = Debug|Any CPU
		{3AB44594-75F2-4D20-8450-F3FA9D4DE763}.Debug|Any CPU.Build.0 = Debug|Any CPU
		{3AB44594-75F2-4D20-8450-F3FA9D4DE763}.Debug|Mixed Platforms.ActiveCfg = Debug|Any CPU
		{3AB44594-75F2-4D20-8450-F3FA9D4DE763}.Debug|Mixed Platforms.Build.0 = Debug|Any CPU
		{3AB44594-75F2-4D20-8450-F3FA9D4DE763}.Debug|x86.ActiveCfg = Debug|Any CPU
		{3AB44594-75F2-4D20-8450-F3FA9D4DE763}.Release|Any CPU.ActiveCfg = Release|Any CPU
		{3AB44594-75F2-4D20-8450-F3FA9D4DE763}.Release|Any CPU.Build.0 = Release|Any CPU
		{3AB44594-75F2-4D20-8450-F3FA9D4DE763}.Release|Mixed Platforms.ActiveCfg = Release|Any CPU
		{3AB44594-75F2-4D20-8450-F3FA9D4DE763}.Release|Mixed Platforms.Build.0 = Release|Any CPU
		{3AB44594-75F2-4D20-8450-F3FA9D4DE763}.Release|x86.ActiveCfg = Release|Any CPU
		{02959882-7BAC-4763-B26E-58ED362A9A3F}.Debug|Any CPU.ActiveCfg = Debug|Any CPU
		{02959882-7BAC-4763-B26E-58ED362A9A3F}.Debug|Any CPU.Build.0 = Debug|Any CPU
		{02959882-7BAC-4763-B26E-58ED362A9A3F}.Debug|Mixed Platforms.ActiveCfg = Debug|Any CPU
		{02959882-7BAC-4763-B26E-58ED362A9A3F}.Debug|Mixed Platforms.Build.0 = Debug|Any CPU
		{02959882-7BAC-4763-B26E-58ED362A9A3F}.Debug|x86.ActiveCfg = Debug|Any CPU
		{02959882-7BAC-4763-B26E-58ED362A9A3F}.Release|Any CPU.ActiveCfg = Release|Any CPU
		{02959882-7BAC-4763-B26E-58ED362A9A3F}.Release|Any CPU.Build.0 = Release|Any CPU
		{02959882-7BAC-4763-B26E-58ED362A9A3F}.Release|Mixed Platforms.ActiveCfg = Release|Any CPU
		{02959882-7BAC-4763-B26E-58ED362A9A3F}.Release|Mixed Platforms.Build.0 = Release|Any CPU
		{02959882-7BAC-4763-B26E-58ED362A9A3F}.Release|x86.ActiveCfg = Release|Any CPU
		{03A4AE50-0401-4DDB-96E8-B90A5D64FA93}.Debug|Any CPU.ActiveCfg = Debug|Any CPU
		{03A4AE50-0401-4DDB-96E8-B90A5D64FA93}.Debug|Any CPU.Build.0 = Debug|Any CPU
		{03A4AE50-0401-4DDB-96E8-B90A5D64FA93}.Debug|Mixed Platforms.ActiveCfg = Debug|Any CPU
		{03A4AE50-0401-4DDB-96E8-B90A5D64FA93}.Debug|Mixed Platforms.Build.0 = Debug|Any CPU
		{03A4AE50-0401-4DDB-96E8-B90A5D64FA93}.Debug|x86.ActiveCfg = Debug|Any CPU
		{03A4AE50-0401-4DDB-96E8-B90A5D64FA93}.Release|Any CPU.ActiveCfg = Release|Any CPU
		{03A4AE50-0401-4DDB-96E8-B90A5D64FA93}.Release|Any CPU.Build.0 = Release|Any CPU
		{03A4AE50-0401-4DDB-96E8-B90A5D64FA93}.Release|Mixed Platforms.ActiveCfg = Release|Any CPU
		{03A4AE50-0401-4DDB-96E8-B90A5D64FA93}.Release|Mixed Platforms.Build.0 = Release|Any CPU
		{03A4AE50-0401-4DDB-96E8-B90A5D64FA93}.Release|x86.ActiveCfg = Release|Any CPU
		{BF36681D-4869-48B6-B2E9-F78430206F62}.Debug|Any CPU.ActiveCfg = Debug|Any CPU
		{BF36681D-4869-48B6-B2E9-F78430206F62}.Debug|Any CPU.Build.0 = Debug|Any CPU
		{BF36681D-4869-48B6-B2E9-F78430206F62}.Debug|Mixed Platforms.ActiveCfg = Debug|Any CPU
		{BF36681D-4869-48B6-B2E9-F78430206F62}.Debug|Mixed Platforms.Build.0 = Debug|Any CPU
		{BF36681D-4869-48B6-B2E9-F78430206F62}.Debug|x86.ActiveCfg = Debug|Any CPU
		{BF36681D-4869-48B6-B2E9-F78430206F62}.Release|Any CPU.ActiveCfg = Release|Any CPU
		{BF36681D-4869-48B6-B2E9-F78430206F62}.Release|Any CPU.Build.0 = Release|Any CPU
		{BF36681D-4869-48B6-B2E9-F78430206F62}.Release|Mixed Platforms.ActiveCfg = Release|Any CPU
		{BF36681D-4869-48B6-B2E9-F78430206F62}.Release|Mixed Platforms.Build.0 = Release|Any CPU
		{BF36681D-4869-48B6-B2E9-F78430206F62}.Release|x86.ActiveCfg = Release|Any CPU
		{45479754-BA8C-46CE-B42A-1432EC8CEE6B}.Debug|Any CPU.ActiveCfg = Debug|Any CPU
		{45479754-BA8C-46CE-B42A-1432EC8CEE6B}.Debug|Any CPU.Build.0 = Debug|Any CPU
		{45479754-BA8C-46CE-B42A-1432EC8CEE6B}.Debug|Mixed Platforms.ActiveCfg = Debug|Any CPU
		{45479754-BA8C-46CE-B42A-1432EC8CEE6B}.Debug|Mixed Platforms.Build.0 = Debug|Any CPU
		{45479754-BA8C-46CE-B42A-1432EC8CEE6B}.Debug|x86.ActiveCfg = Debug|Any CPU
		{45479754-BA8C-46CE-B42A-1432EC8CEE6B}.Release|Any CPU.ActiveCfg = Release|Any CPU
		{45479754-BA8C-46CE-B42A-1432EC8CEE6B}.Release|Any CPU.Build.0 = Release|Any CPU
		{45479754-BA8C-46CE-B42A-1432EC8CEE6B}.Release|Mixed Platforms.ActiveCfg = Release|Any CPU
		{45479754-BA8C-46CE-B42A-1432EC8CEE6B}.Release|Mixed Platforms.Build.0 = Release|Any CPU
		{45479754-BA8C-46CE-B42A-1432EC8CEE6B}.Release|x86.ActiveCfg = Release|Any CPU
		{530515EF-6DFC-4A59-BCF2-F0F998DC6D89}.Debug|Any CPU.ActiveCfg = Debug|Any CPU
		{530515EF-6DFC-4A59-BCF2-F0F998DC6D89}.Debug|Any CPU.Build.0 = Debug|Any CPU
		{530515EF-6DFC-4A59-BCF2-F0F998DC6D89}.Debug|Mixed Platforms.ActiveCfg = Debug|Any CPU
		{530515EF-6DFC-4A59-BCF2-F0F998DC6D89}.Debug|Mixed Platforms.Build.0 = Debug|Any CPU
		{530515EF-6DFC-4A59-BCF2-F0F998DC6D89}.Debug|x86.ActiveCfg = Debug|Any CPU
		{530515EF-6DFC-4A59-BCF2-F0F998DC6D89}.Release|Any CPU.ActiveCfg = Release|Any CPU
		{530515EF-6DFC-4A59-BCF2-F0F998DC6D89}.Release|Any CPU.Build.0 = Release|Any CPU
		{530515EF-6DFC-4A59-BCF2-F0F998DC6D89}.Release|Mixed Platforms.ActiveCfg = Release|Any CPU
		{530515EF-6DFC-4A59-BCF2-F0F998DC6D89}.Release|Mixed Platforms.Build.0 = Release|Any CPU
		{530515EF-6DFC-4A59-BCF2-F0F998DC6D89}.Release|x86.ActiveCfg = Release|Any CPU
		{48DC2445-A460-4B42-B175-10B0924B248C}.Debug|Any CPU.ActiveCfg = Debug|Any CPU
		{48DC2445-A460-4B42-B175-10B0924B248C}.Debug|Any CPU.Build.0 = Debug|Any CPU
		{48DC2445-A460-4B42-B175-10B0924B248C}.Debug|Mixed Platforms.ActiveCfg = Debug|Any CPU
		{48DC2445-A460-4B42-B175-10B0924B248C}.Debug|Mixed Platforms.Build.0 = Debug|Any CPU
		{48DC2445-A460-4B42-B175-10B0924B248C}.Debug|x86.ActiveCfg = Debug|Any CPU
		{48DC2445-A460-4B42-B175-10B0924B248C}.Release|Any CPU.ActiveCfg = Release|Any CPU
		{48DC2445-A460-4B42-B175-10B0924B248C}.Release|Any CPU.Build.0 = Release|Any CPU
		{48DC2445-A460-4B42-B175-10B0924B248C}.Release|Mixed Platforms.ActiveCfg = Release|Any CPU
		{48DC2445-A460-4B42-B175-10B0924B248C}.Release|Mixed Platforms.Build.0 = Release|Any CPU
		{48DC2445-A460-4B42-B175-10B0924B248C}.Release|x86.ActiveCfg = Release|Any CPU
		{21FCE5EA-3C6D-43D7-9984-1278307AB77E}.Debug|Any CPU.ActiveCfg = Debug|Any CPU
		{21FCE5EA-3C6D-43D7-9984-1278307AB77E}.Debug|Any CPU.Build.0 = Debug|Any CPU
		{21FCE5EA-3C6D-43D7-9984-1278307AB77E}.Debug|Mixed Platforms.ActiveCfg = Debug|Any CPU
		{21FCE5EA-3C6D-43D7-9984-1278307AB77E}.Debug|Mixed Platforms.Build.0 = Debug|Any CPU
		{21FCE5EA-3C6D-43D7-9984-1278307AB77E}.Debug|x86.ActiveCfg = Debug|Any CPU
		{21FCE5EA-3C6D-43D7-9984-1278307AB77E}.Release|Any CPU.ActiveCfg = Release|Any CPU
		{21FCE5EA-3C6D-43D7-9984-1278307AB77E}.Release|Any CPU.Build.0 = Release|Any CPU
		{21FCE5EA-3C6D-43D7-9984-1278307AB77E}.Release|Mixed Platforms.ActiveCfg = Release|Any CPU
		{21FCE5EA-3C6D-43D7-9984-1278307AB77E}.Release|Mixed Platforms.Build.0 = Release|Any CPU
		{21FCE5EA-3C6D-43D7-9984-1278307AB77E}.Release|x86.ActiveCfg = Release|Any CPU
		{C03A8167-F65E-4271-978C-E72914C9C311}.Debug|Any CPU.ActiveCfg = Debug|Any CPU
		{C03A8167-F65E-4271-978C-E72914C9C311}.Debug|Any CPU.Build.0 = Debug|Any CPU
		{C03A8167-F65E-4271-978C-E72914C9C311}.Debug|Mixed Platforms.ActiveCfg = Debug|Any CPU
		{C03A8167-F65E-4271-978C-E72914C9C311}.Debug|Mixed Platforms.Build.0 = Debug|Any CPU
		{C03A8167-F65E-4271-978C-E72914C9C311}.Debug|x86.ActiveCfg = Debug|Any CPU
		{C03A8167-F65E-4271-978C-E72914C9C311}.Release|Any CPU.ActiveCfg = Release|Any CPU
		{C03A8167-F65E-4271-978C-E72914C9C311}.Release|Any CPU.Build.0 = Release|Any CPU
		{C03A8167-F65E-4271-978C-E72914C9C311}.Release|Mixed Platforms.ActiveCfg = Release|Any CPU
		{C03A8167-F65E-4271-978C-E72914C9C311}.Release|Mixed Platforms.Build.0 = Release|Any CPU
		{C03A8167-F65E-4271-978C-E72914C9C311}.Release|x86.ActiveCfg = Release|Any CPU
		{329592DA-BAC3-41D0-9197-EC1186A28560}.Debug|Any CPU.ActiveCfg = Debug|Any CPU
		{329592DA-BAC3-41D0-9197-EC1186A28560}.Debug|Any CPU.Build.0 = Debug|Any CPU
		{329592DA-BAC3-41D0-9197-EC1186A28560}.Debug|Mixed Platforms.ActiveCfg = Debug|Any CPU
		{329592DA-BAC3-41D0-9197-EC1186A28560}.Debug|Mixed Platforms.Build.0 = Debug|Any CPU
		{329592DA-BAC3-41D0-9197-EC1186A28560}.Debug|x86.ActiveCfg = Debug|Any CPU
		{329592DA-BAC3-41D0-9197-EC1186A28560}.Release|Any CPU.ActiveCfg = Release|Any CPU
		{329592DA-BAC3-41D0-9197-EC1186A28560}.Release|Any CPU.Build.0 = Release|Any CPU
		{329592DA-BAC3-41D0-9197-EC1186A28560}.Release|Mixed Platforms.ActiveCfg = Release|Any CPU
		{329592DA-BAC3-41D0-9197-EC1186A28560}.Release|Mixed Platforms.Build.0 = Release|Any CPU
		{329592DA-BAC3-41D0-9197-EC1186A28560}.Release|x86.ActiveCfg = Release|Any CPU
		{23DE10E6-3675-417C-A0E6-FE9CF566CBB0}.Debug|Any CPU.ActiveCfg = Debug|Any CPU
		{23DE10E6-3675-417C-A0E6-FE9CF566CBB0}.Debug|Any CPU.Build.0 = Debug|Any CPU
		{23DE10E6-3675-417C-A0E6-FE9CF566CBB0}.Debug|Mixed Platforms.ActiveCfg = Debug|Any CPU
		{23DE10E6-3675-417C-A0E6-FE9CF566CBB0}.Debug|Mixed Platforms.Build.0 = Debug|Any CPU
		{23DE10E6-3675-417C-A0E6-FE9CF566CBB0}.Debug|x86.ActiveCfg = Debug|Any CPU
		{23DE10E6-3675-417C-A0E6-FE9CF566CBB0}.Release|Any CPU.ActiveCfg = Release|Any CPU
		{23DE10E6-3675-417C-A0E6-FE9CF566CBB0}.Release|Any CPU.Build.0 = Release|Any CPU
		{23DE10E6-3675-417C-A0E6-FE9CF566CBB0}.Release|Mixed Platforms.ActiveCfg = Release|Any CPU
		{23DE10E6-3675-417C-A0E6-FE9CF566CBB0}.Release|Mixed Platforms.Build.0 = Release|Any CPU
		{23DE10E6-3675-417C-A0E6-FE9CF566CBB0}.Release|x86.ActiveCfg = Release|Any CPU
		{08D54C60-5744-423F-A700-9ABE13C62B20}.Debug|Any CPU.ActiveCfg = Debug|Any CPU
		{08D54C60-5744-423F-A700-9ABE13C62B20}.Debug|Any CPU.Build.0 = Debug|Any CPU
		{08D54C60-5744-423F-A700-9ABE13C62B20}.Debug|Mixed Platforms.ActiveCfg = Debug|Any CPU
		{08D54C60-5744-423F-A700-9ABE13C62B20}.Debug|Mixed Platforms.Build.0 = Debug|Any CPU
		{08D54C60-5744-423F-A700-9ABE13C62B20}.Debug|x86.ActiveCfg = Debug|Any CPU
		{08D54C60-5744-423F-A700-9ABE13C62B20}.Release|Any CPU.ActiveCfg = Release|Any CPU
		{08D54C60-5744-423F-A700-9ABE13C62B20}.Release|Any CPU.Build.0 = Release|Any CPU
		{08D54C60-5744-423F-A700-9ABE13C62B20}.Release|Mixed Platforms.ActiveCfg = Release|Any CPU
		{08D54C60-5744-423F-A700-9ABE13C62B20}.Release|Mixed Platforms.Build.0 = Release|Any CPU
		{08D54C60-5744-423F-A700-9ABE13C62B20}.Release|x86.ActiveCfg = Release|Any CPU
		{53E4420E-F7BB-4647-B6AE-BA2C1AC53237}.Debug|Any CPU.ActiveCfg = Debug|x86
		{53E4420E-F7BB-4647-B6AE-BA2C1AC53237}.Debug|Mixed Platforms.ActiveCfg = Debug|x86
		{53E4420E-F7BB-4647-B6AE-BA2C1AC53237}.Debug|Mixed Platforms.Build.0 = Debug|x86
		{53E4420E-F7BB-4647-B6AE-BA2C1AC53237}.Debug|x86.ActiveCfg = Debug|x86
		{53E4420E-F7BB-4647-B6AE-BA2C1AC53237}.Debug|x86.Build.0 = Debug|x86
		{53E4420E-F7BB-4647-B6AE-BA2C1AC53237}.Release|Any CPU.ActiveCfg = Release|x86
		{53E4420E-F7BB-4647-B6AE-BA2C1AC53237}.Release|Mixed Platforms.ActiveCfg = Release|x86
		{53E4420E-F7BB-4647-B6AE-BA2C1AC53237}.Release|Mixed Platforms.Build.0 = Release|x86
		{53E4420E-F7BB-4647-B6AE-BA2C1AC53237}.Release|x86.ActiveCfg = Release|x86
		{53E4420E-F7BB-4647-B6AE-BA2C1AC53237}.Release|x86.Build.0 = Release|x86
		{2D0DAEDD-96E3-4395-AA31-A2407B03CB95}.Debug|Any CPU.ActiveCfg = Debug|Any CPU
		{2D0DAEDD-96E3-4395-AA31-A2407B03CB95}.Debug|Any CPU.Build.0 = Debug|Any CPU
		{2D0DAEDD-96E3-4395-AA31-A2407B03CB95}.Debug|Mixed Platforms.ActiveCfg = Debug|Any CPU
		{2D0DAEDD-96E3-4395-AA31-A2407B03CB95}.Debug|Mixed Platforms.Build.0 = Debug|Any CPU
		{2D0DAEDD-96E3-4395-AA31-A2407B03CB95}.Debug|x86.ActiveCfg = Debug|Any CPU
		{2D0DAEDD-96E3-4395-AA31-A2407B03CB95}.Release|Any CPU.ActiveCfg = Release|Any CPU
		{2D0DAEDD-96E3-4395-AA31-A2407B03CB95}.Release|Any CPU.Build.0 = Release|Any CPU
		{2D0DAEDD-96E3-4395-AA31-A2407B03CB95}.Release|Mixed Platforms.ActiveCfg = Release|Any CPU
		{2D0DAEDD-96E3-4395-AA31-A2407B03CB95}.Release|Mixed Platforms.Build.0 = Release|Any CPU
		{2D0DAEDD-96E3-4395-AA31-A2407B03CB95}.Release|x86.ActiveCfg = Release|Any CPU
		{8E4B8D27-6CFB-414D-8597-6B92F13BCAAA}.Debug|Any CPU.ActiveCfg = Debug|Any CPU
		{8E4B8D27-6CFB-414D-8597-6B92F13BCAAA}.Debug|Any CPU.Build.0 = Debug|Any CPU
		{8E4B8D27-6CFB-414D-8597-6B92F13BCAAA}.Debug|Mixed Platforms.ActiveCfg = Debug|Any CPU
		{8E4B8D27-6CFB-414D-8597-6B92F13BCAAA}.Debug|Mixed Platforms.Build.0 = Debug|Any CPU
		{8E4B8D27-6CFB-414D-8597-6B92F13BCAAA}.Debug|x86.ActiveCfg = Debug|Any CPU
		{8E4B8D27-6CFB-414D-8597-6B92F13BCAAA}.Release|Any CPU.ActiveCfg = Release|Any CPU
		{8E4B8D27-6CFB-414D-8597-6B92F13BCAAA}.Release|Any CPU.Build.0 = Release|Any CPU
		{8E4B8D27-6CFB-414D-8597-6B92F13BCAAA}.Release|Mixed Platforms.ActiveCfg = Release|Any CPU
		{8E4B8D27-6CFB-414D-8597-6B92F13BCAAA}.Release|Mixed Platforms.Build.0 = Release|Any CPU
		{8E4B8D27-6CFB-414D-8597-6B92F13BCAAA}.Release|x86.ActiveCfg = Release|Any CPU
		{078ECB87-6595-448E-8054-FB999B0DB350}.Debug|Any CPU.ActiveCfg = Debug|Any CPU
		{078ECB87-6595-448E-8054-FB999B0DB350}.Debug|Any CPU.Build.0 = Debug|Any CPU
		{078ECB87-6595-448E-8054-FB999B0DB350}.Debug|Mixed Platforms.ActiveCfg = Debug|Any CPU
		{078ECB87-6595-448E-8054-FB999B0DB350}.Debug|Mixed Platforms.Build.0 = Debug|Any CPU
		{078ECB87-6595-448E-8054-FB999B0DB350}.Debug|x86.ActiveCfg = Debug|Any CPU
		{078ECB87-6595-448E-8054-FB999B0DB350}.Release|Any CPU.ActiveCfg = Release|Any CPU
		{078ECB87-6595-448E-8054-FB999B0DB350}.Release|Any CPU.Build.0 = Release|Any CPU
		{078ECB87-6595-448E-8054-FB999B0DB350}.Release|Mixed Platforms.ActiveCfg = Release|Any CPU
		{078ECB87-6595-448E-8054-FB999B0DB350}.Release|Mixed Platforms.Build.0 = Release|Any CPU
		{078ECB87-6595-448E-8054-FB999B0DB350}.Release|x86.ActiveCfg = Release|Any CPU
		{F3B9AFC0-A8D9-4D7F-B660-54553A8A7A30}.Debug|Any CPU.ActiveCfg = Debug|Any CPU
		{F3B9AFC0-A8D9-4D7F-B660-54553A8A7A30}.Debug|Any CPU.Build.0 = Debug|Any CPU
		{F3B9AFC0-A8D9-4D7F-B660-54553A8A7A30}.Debug|Mixed Platforms.ActiveCfg = Debug|Any CPU
		{F3B9AFC0-A8D9-4D7F-B660-54553A8A7A30}.Debug|Mixed Platforms.Build.0 = Debug|Any CPU
		{F3B9AFC0-A8D9-4D7F-B660-54553A8A7A30}.Debug|x86.ActiveCfg = Debug|Any CPU
		{F3B9AFC0-A8D9-4D7F-B660-54553A8A7A30}.Release|Any CPU.ActiveCfg = Release|Any CPU
		{F3B9AFC0-A8D9-4D7F-B660-54553A8A7A30}.Release|Any CPU.Build.0 = Release|Any CPU
		{F3B9AFC0-A8D9-4D7F-B660-54553A8A7A30}.Release|Mixed Platforms.ActiveCfg = Release|Any CPU
		{F3B9AFC0-A8D9-4D7F-B660-54553A8A7A30}.Release|Mixed Platforms.Build.0 = Release|Any CPU
		{F3B9AFC0-A8D9-4D7F-B660-54553A8A7A30}.Release|x86.ActiveCfg = Release|Any CPU
		{38A2CF20-3E58-4C61-AEAC-4230C0F3F8AC}.Debug|Any CPU.ActiveCfg = Debug|Any CPU
		{38A2CF20-3E58-4C61-AEAC-4230C0F3F8AC}.Debug|Any CPU.Build.0 = Debug|Any CPU
		{38A2CF20-3E58-4C61-AEAC-4230C0F3F8AC}.Debug|Mixed Platforms.ActiveCfg = Debug|Any CPU
		{38A2CF20-3E58-4C61-AEAC-4230C0F3F8AC}.Debug|Mixed Platforms.Build.0 = Debug|Any CPU
		{38A2CF20-3E58-4C61-AEAC-4230C0F3F8AC}.Debug|x86.ActiveCfg = Debug|Any CPU
		{38A2CF20-3E58-4C61-AEAC-4230C0F3F8AC}.Release|Any CPU.ActiveCfg = Release|Any CPU
		{38A2CF20-3E58-4C61-AEAC-4230C0F3F8AC}.Release|Any CPU.Build.0 = Release|Any CPU
		{38A2CF20-3E58-4C61-AEAC-4230C0F3F8AC}.Release|Mixed Platforms.ActiveCfg = Release|Any CPU
		{38A2CF20-3E58-4C61-AEAC-4230C0F3F8AC}.Release|Mixed Platforms.Build.0 = Release|Any CPU
		{38A2CF20-3E58-4C61-AEAC-4230C0F3F8AC}.Release|x86.ActiveCfg = Release|Any CPU
		{D85B51C1-9B97-4AF0-B0BE-BAE93866103A}.Debug|Any CPU.ActiveCfg = Debug|Any CPU
		{D85B51C1-9B97-4AF0-B0BE-BAE93866103A}.Debug|Any CPU.Build.0 = Debug|Any CPU
		{D85B51C1-9B97-4AF0-B0BE-BAE93866103A}.Debug|Mixed Platforms.ActiveCfg = Debug|Any CPU
		{D85B51C1-9B97-4AF0-B0BE-BAE93866103A}.Debug|Mixed Platforms.Build.0 = Debug|Any CPU
		{D85B51C1-9B97-4AF0-B0BE-BAE93866103A}.Debug|x86.ActiveCfg = Debug|Any CPU
		{D85B51C1-9B97-4AF0-B0BE-BAE93866103A}.Release|Any CPU.ActiveCfg = Release|Any CPU
		{D85B51C1-9B97-4AF0-B0BE-BAE93866103A}.Release|Any CPU.Build.0 = Release|Any CPU
		{D85B51C1-9B97-4AF0-B0BE-BAE93866103A}.Release|Mixed Platforms.ActiveCfg = Release|Any CPU
		{D85B51C1-9B97-4AF0-B0BE-BAE93866103A}.Release|Mixed Platforms.Build.0 = Release|Any CPU
		{D85B51C1-9B97-4AF0-B0BE-BAE93866103A}.Release|x86.ActiveCfg = Release|Any CPU
		{9F470F63-B509-4B5F-B2A4-3364914935E4}.Debug|Any CPU.ActiveCfg = Debug|Any CPU
		{9F470F63-B509-4B5F-B2A4-3364914935E4}.Debug|Any CPU.Build.0 = Debug|Any CPU
		{9F470F63-B509-4B5F-B2A4-3364914935E4}.Debug|Mixed Platforms.ActiveCfg = Debug|Any CPU
		{9F470F63-B509-4B5F-B2A4-3364914935E4}.Debug|Mixed Platforms.Build.0 = Debug|Any CPU
		{9F470F63-B509-4B5F-B2A4-3364914935E4}.Debug|x86.ActiveCfg = Debug|Any CPU
		{9F470F63-B509-4B5F-B2A4-3364914935E4}.Release|Any CPU.ActiveCfg = Release|Any CPU
		{9F470F63-B509-4B5F-B2A4-3364914935E4}.Release|Any CPU.Build.0 = Release|Any CPU
		{9F470F63-B509-4B5F-B2A4-3364914935E4}.Release|Mixed Platforms.ActiveCfg = Release|Any CPU
		{9F470F63-B509-4B5F-B2A4-3364914935E4}.Release|Mixed Platforms.Build.0 = Release|Any CPU
		{9F470F63-B509-4B5F-B2A4-3364914935E4}.Release|x86.ActiveCfg = Release|Any CPU
		{2512C0B2-013C-4E2C-8BA1-29B919B3CFB3}.Debug|Any CPU.ActiveCfg = Debug|Any CPU
		{2512C0B2-013C-4E2C-8BA1-29B919B3CFB3}.Debug|Any CPU.Build.0 = Debug|Any CPU
		{2512C0B2-013C-4E2C-8BA1-29B919B3CFB3}.Debug|Mixed Platforms.ActiveCfg = Debug|Any CPU
		{2512C0B2-013C-4E2C-8BA1-29B919B3CFB3}.Debug|Mixed Platforms.Build.0 = Debug|Any CPU
		{2512C0B2-013C-4E2C-8BA1-29B919B3CFB3}.Debug|x86.ActiveCfg = Debug|Any CPU
		{2512C0B2-013C-4E2C-8BA1-29B919B3CFB3}.Release|Any CPU.ActiveCfg = Release|Any CPU
		{2512C0B2-013C-4E2C-8BA1-29B919B3CFB3}.Release|Any CPU.Build.0 = Release|Any CPU
		{2512C0B2-013C-4E2C-8BA1-29B919B3CFB3}.Release|Mixed Platforms.ActiveCfg = Release|Any CPU
		{2512C0B2-013C-4E2C-8BA1-29B919B3CFB3}.Release|Mixed Platforms.Build.0 = Release|Any CPU
		{2512C0B2-013C-4E2C-8BA1-29B919B3CFB3}.Release|x86.ActiveCfg = Release|Any CPU
		{4B9E4DED-536A-450E-9B34-53383D3D1BFC}.Debug|Any CPU.ActiveCfg = Debug|Any CPU
		{4B9E4DED-536A-450E-9B34-53383D3D1BFC}.Debug|Any CPU.Build.0 = Debug|Any CPU
		{4B9E4DED-536A-450E-9B34-53383D3D1BFC}.Debug|Mixed Platforms.ActiveCfg = Debug|Any CPU
		{4B9E4DED-536A-450E-9B34-53383D3D1BFC}.Debug|Mixed Platforms.Build.0 = Debug|Any CPU
		{4B9E4DED-536A-450E-9B34-53383D3D1BFC}.Debug|x86.ActiveCfg = Debug|Any CPU
		{4B9E4DED-536A-450E-9B34-53383D3D1BFC}.Release|Any CPU.ActiveCfg = Release|Any CPU
		{4B9E4DED-536A-450E-9B34-53383D3D1BFC}.Release|Any CPU.Build.0 = Release|Any CPU
		{4B9E4DED-536A-450E-9B34-53383D3D1BFC}.Release|Mixed Platforms.ActiveCfg = Release|Any CPU
		{4B9E4DED-536A-450E-9B34-53383D3D1BFC}.Release|Mixed Platforms.Build.0 = Release|Any CPU
		{4B9E4DED-536A-450E-9B34-53383D3D1BFC}.Release|x86.ActiveCfg = Release|Any CPU
		{AF124673-8996-4EB5-A2E5-AF94C7B8F667}.Debug|Any CPU.ActiveCfg = Debug|Any CPU
		{AF124673-8996-4EB5-A2E5-AF94C7B8F667}.Debug|Any CPU.Build.0 = Debug|Any CPU
		{AF124673-8996-4EB5-A2E5-AF94C7B8F667}.Debug|Mixed Platforms.ActiveCfg = Debug|Any CPU
		{AF124673-8996-4EB5-A2E5-AF94C7B8F667}.Debug|Mixed Platforms.Build.0 = Debug|Any CPU
		{AF124673-8996-4EB5-A2E5-AF94C7B8F667}.Debug|x86.ActiveCfg = Debug|Any CPU
		{AF124673-8996-4EB5-A2E5-AF94C7B8F667}.Release|Any CPU.ActiveCfg = Release|Any CPU
		{AF124673-8996-4EB5-A2E5-AF94C7B8F667}.Release|Any CPU.Build.0 = Release|Any CPU
		{AF124673-8996-4EB5-A2E5-AF94C7B8F667}.Release|Mixed Platforms.ActiveCfg = Release|Any CPU
		{AF124673-8996-4EB5-A2E5-AF94C7B8F667}.Release|Mixed Platforms.Build.0 = Release|Any CPU
		{AF124673-8996-4EB5-A2E5-AF94C7B8F667}.Release|x86.ActiveCfg = Release|Any CPU
		{875FB8E5-8631-42E5-9DA2-8D8037627592}.Debug|Any CPU.ActiveCfg = Debug|Any CPU
		{875FB8E5-8631-42E5-9DA2-8D8037627592}.Debug|Any CPU.Build.0 = Debug|Any CPU
		{875FB8E5-8631-42E5-9DA2-8D8037627592}.Debug|Mixed Platforms.ActiveCfg = Debug|Any CPU
		{875FB8E5-8631-42E5-9DA2-8D8037627592}.Debug|Mixed Platforms.Build.0 = Debug|Any CPU
		{875FB8E5-8631-42E5-9DA2-8D8037627592}.Debug|x86.ActiveCfg = Debug|Any CPU
		{875FB8E5-8631-42E5-9DA2-8D8037627592}.Release|Any CPU.ActiveCfg = Release|Any CPU
		{875FB8E5-8631-42E5-9DA2-8D8037627592}.Release|Any CPU.Build.0 = Release|Any CPU
		{875FB8E5-8631-42E5-9DA2-8D8037627592}.Release|Mixed Platforms.ActiveCfg = Release|Any CPU
		{875FB8E5-8631-42E5-9DA2-8D8037627592}.Release|Mixed Platforms.Build.0 = Release|Any CPU
		{875FB8E5-8631-42E5-9DA2-8D8037627592}.Release|x86.ActiveCfg = Release|Any CPU
		{C8B19127-C82E-45C5-8A6D-DA22AE9C8A7B}.Debug|Any CPU.ActiveCfg = Debug|Any CPU
		{C8B19127-C82E-45C5-8A6D-DA22AE9C8A7B}.Debug|Any CPU.Build.0 = Debug|Any CPU
		{C8B19127-C82E-45C5-8A6D-DA22AE9C8A7B}.Debug|Mixed Platforms.ActiveCfg = Debug|Any CPU
		{C8B19127-C82E-45C5-8A6D-DA22AE9C8A7B}.Debug|Mixed Platforms.Build.0 = Debug|Any CPU
		{C8B19127-C82E-45C5-8A6D-DA22AE9C8A7B}.Debug|x86.ActiveCfg = Debug|Any CPU
		{C8B19127-C82E-45C5-8A6D-DA22AE9C8A7B}.Release|Any CPU.ActiveCfg = Release|Any CPU
		{C8B19127-C82E-45C5-8A6D-DA22AE9C8A7B}.Release|Any CPU.Build.0 = Release|Any CPU
		{C8B19127-C82E-45C5-8A6D-DA22AE9C8A7B}.Release|Mixed Platforms.ActiveCfg = Release|Any CPU
		{C8B19127-C82E-45C5-8A6D-DA22AE9C8A7B}.Release|Mixed Platforms.Build.0 = Release|Any CPU
		{C8B19127-C82E-45C5-8A6D-DA22AE9C8A7B}.Release|x86.ActiveCfg = Release|Any CPU
		{D8273634-E428-474A-98EB-4D9374F782A2}.Debug|Any CPU.ActiveCfg = Debug|Any CPU
		{D8273634-E428-474A-98EB-4D9374F782A2}.Debug|Any CPU.Build.0 = Debug|Any CPU
		{D8273634-E428-474A-98EB-4D9374F782A2}.Debug|Mixed Platforms.ActiveCfg = Debug|Any CPU
		{D8273634-E428-474A-98EB-4D9374F782A2}.Debug|Mixed Platforms.Build.0 = Debug|Any CPU
		{D8273634-E428-474A-98EB-4D9374F782A2}.Debug|x86.ActiveCfg = Debug|Any CPU
		{D8273634-E428-474A-98EB-4D9374F782A2}.Release|Any CPU.ActiveCfg = Release|Any CPU
		{D8273634-E428-474A-98EB-4D9374F782A2}.Release|Any CPU.Build.0 = Release|Any CPU
		{D8273634-E428-474A-98EB-4D9374F782A2}.Release|Mixed Platforms.ActiveCfg = Release|Any CPU
		{D8273634-E428-474A-98EB-4D9374F782A2}.Release|Mixed Platforms.Build.0 = Release|Any CPU
		{D8273634-E428-474A-98EB-4D9374F782A2}.Release|x86.ActiveCfg = Release|Any CPU
		{BBF59724-E4CC-4243-9E43-9860B39EAB69}.Debug|Any CPU.ActiveCfg = Debug|Any CPU
		{BBF59724-E4CC-4243-9E43-9860B39EAB69}.Debug|Any CPU.Build.0 = Debug|Any CPU
		{BBF59724-E4CC-4243-9E43-9860B39EAB69}.Debug|Mixed Platforms.ActiveCfg = Debug|Any CPU
		{BBF59724-E4CC-4243-9E43-9860B39EAB69}.Debug|Mixed Platforms.Build.0 = Debug|Any CPU
		{BBF59724-E4CC-4243-9E43-9860B39EAB69}.Debug|x86.ActiveCfg = Debug|Any CPU
		{BBF59724-E4CC-4243-9E43-9860B39EAB69}.Release|Any CPU.ActiveCfg = Release|Any CPU
		{BBF59724-E4CC-4243-9E43-9860B39EAB69}.Release|Any CPU.Build.0 = Release|Any CPU
		{BBF59724-E4CC-4243-9E43-9860B39EAB69}.Release|Mixed Platforms.ActiveCfg = Release|Any CPU
		{BBF59724-E4CC-4243-9E43-9860B39EAB69}.Release|Mixed Platforms.Build.0 = Release|Any CPU
		{BBF59724-E4CC-4243-9E43-9860B39EAB69}.Release|x86.ActiveCfg = Release|Any CPU
		{60E87E13-151E-40A4-A896-D1C3E2B4DEE7}.Debug|Any CPU.ActiveCfg = Debug|Any CPU
		{60E87E13-151E-40A4-A896-D1C3E2B4DEE7}.Debug|Any CPU.Build.0 = Debug|Any CPU
		{60E87E13-151E-40A4-A896-D1C3E2B4DEE7}.Debug|Mixed Platforms.ActiveCfg = Debug|Any CPU
		{60E87E13-151E-40A4-A896-D1C3E2B4DEE7}.Debug|Mixed Platforms.Build.0 = Debug|Any CPU
		{60E87E13-151E-40A4-A896-D1C3E2B4DEE7}.Debug|x86.ActiveCfg = Debug|Any CPU
		{60E87E13-151E-40A4-A896-D1C3E2B4DEE7}.Release|Any CPU.ActiveCfg = Release|Any CPU
		{60E87E13-151E-40A4-A896-D1C3E2B4DEE7}.Release|Any CPU.Build.0 = Release|Any CPU
		{60E87E13-151E-40A4-A896-D1C3E2B4DEE7}.Release|Mixed Platforms.ActiveCfg = Release|Any CPU
		{60E87E13-151E-40A4-A896-D1C3E2B4DEE7}.Release|Mixed Platforms.Build.0 = Release|Any CPU
		{60E87E13-151E-40A4-A896-D1C3E2B4DEE7}.Release|x86.ActiveCfg = Release|Any CPU
		{EE635BC7-9410-471D-9C8C-A89302DF0822}.Debug|Any CPU.ActiveCfg = Debug|Any CPU
		{EE635BC7-9410-471D-9C8C-A89302DF0822}.Debug|Any CPU.Build.0 = Debug|Any CPU
		{EE635BC7-9410-471D-9C8C-A89302DF0822}.Debug|Mixed Platforms.ActiveCfg = Debug|Any CPU
		{EE635BC7-9410-471D-9C8C-A89302DF0822}.Debug|Mixed Platforms.Build.0 = Debug|Any CPU
		{EE635BC7-9410-471D-9C8C-A89302DF0822}.Debug|x86.ActiveCfg = Debug|Any CPU
		{EE635BC7-9410-471D-9C8C-A89302DF0822}.Release|Any CPU.ActiveCfg = Release|Any CPU
		{EE635BC7-9410-471D-9C8C-A89302DF0822}.Release|Any CPU.Build.0 = Release|Any CPU
		{EE635BC7-9410-471D-9C8C-A89302DF0822}.Release|Mixed Platforms.ActiveCfg = Release|Any CPU
		{EE635BC7-9410-471D-9C8C-A89302DF0822}.Release|Mixed Platforms.Build.0 = Release|Any CPU
		{EE635BC7-9410-471D-9C8C-A89302DF0822}.Release|x86.ActiveCfg = Release|Any CPU
		{11AB87CE-AC55-4371-B2FB-F8D8E445654F}.Debug|Any CPU.ActiveCfg = Debug|Any CPU
		{11AB87CE-AC55-4371-B2FB-F8D8E445654F}.Debug|Any CPU.Build.0 = Debug|Any CPU
		{11AB87CE-AC55-4371-B2FB-F8D8E445654F}.Debug|Mixed Platforms.ActiveCfg = Debug|Any CPU
		{11AB87CE-AC55-4371-B2FB-F8D8E445654F}.Debug|Mixed Platforms.Build.0 = Debug|Any CPU
		{11AB87CE-AC55-4371-B2FB-F8D8E445654F}.Debug|x86.ActiveCfg = Debug|Any CPU
		{11AB87CE-AC55-4371-B2FB-F8D8E445654F}.Release|Any CPU.ActiveCfg = Release|Any CPU
		{11AB87CE-AC55-4371-B2FB-F8D8E445654F}.Release|Any CPU.Build.0 = Release|Any CPU
		{11AB87CE-AC55-4371-B2FB-F8D8E445654F}.Release|Mixed Platforms.ActiveCfg = Release|Any CPU
		{11AB87CE-AC55-4371-B2FB-F8D8E445654F}.Release|Mixed Platforms.Build.0 = Release|Any CPU
		{11AB87CE-AC55-4371-B2FB-F8D8E445654F}.Release|x86.ActiveCfg = Release|Any CPU
		{5E99415E-B741-446D-B640-6EDF90063994}.Debug|Any CPU.ActiveCfg = Debug|Any CPU
		{5E99415E-B741-446D-B640-6EDF90063994}.Debug|Any CPU.Build.0 = Debug|Any CPU
		{5E99415E-B741-446D-B640-6EDF90063994}.Debug|Mixed Platforms.ActiveCfg = Debug|Any CPU
		{5E99415E-B741-446D-B640-6EDF90063994}.Debug|Mixed Platforms.Build.0 = Debug|Any CPU
		{5E99415E-B741-446D-B640-6EDF90063994}.Debug|x86.ActiveCfg = Debug|Any CPU
		{5E99415E-B741-446D-B640-6EDF90063994}.Release|Any CPU.ActiveCfg = Release|Any CPU
		{5E99415E-B741-446D-B640-6EDF90063994}.Release|Any CPU.Build.0 = Release|Any CPU
		{5E99415E-B741-446D-B640-6EDF90063994}.Release|Mixed Platforms.ActiveCfg = Release|Any CPU
		{5E99415E-B741-446D-B640-6EDF90063994}.Release|Mixed Platforms.Build.0 = Release|Any CPU
		{5E99415E-B741-446D-B640-6EDF90063994}.Release|x86.ActiveCfg = Release|Any CPU
		{D1EBE7A3-1CFD-438C-A007-FF281F0B1D2A}.Debug|Any CPU.ActiveCfg = Debug|Any CPU
		{D1EBE7A3-1CFD-438C-A007-FF281F0B1D2A}.Debug|Any CPU.Build.0 = Debug|Any CPU
		{D1EBE7A3-1CFD-438C-A007-FF281F0B1D2A}.Debug|Mixed Platforms.ActiveCfg = Debug|Any CPU
		{D1EBE7A3-1CFD-438C-A007-FF281F0B1D2A}.Debug|Mixed Platforms.Build.0 = Debug|Any CPU
		{D1EBE7A3-1CFD-438C-A007-FF281F0B1D2A}.Debug|x86.ActiveCfg = Debug|Any CPU
		{D1EBE7A3-1CFD-438C-A007-FF281F0B1D2A}.Release|Any CPU.ActiveCfg = Release|Any CPU
		{D1EBE7A3-1CFD-438C-A007-FF281F0B1D2A}.Release|Any CPU.Build.0 = Release|Any CPU
		{D1EBE7A3-1CFD-438C-A007-FF281F0B1D2A}.Release|Mixed Platforms.ActiveCfg = Release|Any CPU
		{D1EBE7A3-1CFD-438C-A007-FF281F0B1D2A}.Release|Mixed Platforms.Build.0 = Release|Any CPU
		{D1EBE7A3-1CFD-438C-A007-FF281F0B1D2A}.Release|x86.ActiveCfg = Release|Any CPU
		{4FF6400F-0C67-4156-AE24-9DC8D3A36FF8}.Debug|Any CPU.ActiveCfg = Debug|Any CPU
		{4FF6400F-0C67-4156-AE24-9DC8D3A36FF8}.Debug|Any CPU.Build.0 = Debug|Any CPU
		{4FF6400F-0C67-4156-AE24-9DC8D3A36FF8}.Debug|Mixed Platforms.ActiveCfg = Debug|Any CPU
		{4FF6400F-0C67-4156-AE24-9DC8D3A36FF8}.Debug|Mixed Platforms.Build.0 = Debug|Any CPU
		{4FF6400F-0C67-4156-AE24-9DC8D3A36FF8}.Debug|x86.ActiveCfg = Debug|Any CPU
		{4FF6400F-0C67-4156-AE24-9DC8D3A36FF8}.Release|Any CPU.ActiveCfg = Release|Any CPU
		{4FF6400F-0C67-4156-AE24-9DC8D3A36FF8}.Release|Any CPU.Build.0 = Release|Any CPU
		{4FF6400F-0C67-4156-AE24-9DC8D3A36FF8}.Release|Mixed Platforms.ActiveCfg = Release|Any CPU
		{4FF6400F-0C67-4156-AE24-9DC8D3A36FF8}.Release|Mixed Platforms.Build.0 = Release|Any CPU
		{4FF6400F-0C67-4156-AE24-9DC8D3A36FF8}.Release|x86.ActiveCfg = Release|Any CPU
	EndGlobalSection
	GlobalSection(SolutionProperties) = preSolution
		HideSolutionNode = FALSE
	EndGlobalSection
EndGlobal
