
Microsoft Visual Studio Solution File, Format Version 11.00
# Visual Studio 2010
Project("{FAE04EC0-301F-11D3-BF4B-00C04F79EFBC}") = "System.Abstract", "System.Abstract\System.Abstract.csproj", "{A44E9D89-BFF2-41A4-AADC-3C2BDFDAEEB1}"
EndProject
Project("{FAE04EC0-301F-11D3-BF4B-00C04F79EFBC}") = "Contoso.Abstract.ApplicationBus", "Contoso.Abstract.ApplicationBus\Contoso.Abstract.ApplicationBus.csproj", "{7F717114-B597-4B43-931A-529F696A549A}"
EndProject
Project("{FAE04EC0-301F-11D3-BF4B-00C04F79EFBC}") = "Contoso.Abstract.Autofac", "Contoso.Abstract.Autofac\Contoso.Abstract.Autofac.csproj", "{3AB44594-75F2-4D20-8450-F3FA9D4DE763}"
EndProject
Project("{FAE04EC0-301F-11D3-BF4B-00C04F79EFBC}") = "Contoso.Abstract.MongoDB", "Contoso.Abstract.MongoDB\Contoso.Abstract.MongoDB.csproj", "{02959882-7BAC-4763-B26E-58ED362A9A3F}"
EndProject
Project("{FAE04EC0-301F-11D3-BF4B-00C04F79EFBC}") = "Contoso.Abstract.Ninject", "Contoso.Abstract.Ninject\Contoso.Abstract.Ninject.csproj", "{03A4AE50-0401-4DDB-96E8-B90A5D64FA93}"
EndProject
Project("{FAE04EC0-301F-11D3-BF4B-00C04F79EFBC}") = "Contoso.Abstract.NServiceBus", "Contoso.Abstract.NServiceBus\Contoso.Abstract.NServiceBus.csproj", "{BF36681D-4869-48B6-B2E9-F78430206F62}"
EndProject
Project("{FAE04EC0-301F-11D3-BF4B-00C04F79EFBC}") = "Contoso.Abstract.TypeSerializer", "Contoso.Abstract.TypeSerializer\Contoso.Abstract.TypeSerializer.csproj", "{45479754-BA8C-46CE-B42A-1432EC8CEE6B}"
EndProject
Project("{FAE04EC0-301F-11D3-BF4B-00C04F79EFBC}") = "Contoso.Abstract.Sql", "Contoso.Abstract.Sql\Contoso.Abstract.Sql.csproj", "{530515EF-6DFC-4A59-BCF2-F0F998DC6D89}"
EndProject
Project("{FAE04EC0-301F-11D3-BF4B-00C04F79EFBC}") = "Contoso.Abstract.StructureMap", "Contoso.Abstract.StructureMap\Contoso.Abstract.StructureMap.csproj", "{48DC2445-A460-4B42-B175-10B0924B248C}"
EndProject
Project("{FAE04EC0-301F-11D3-BF4B-00C04F79EFBC}") = "Contoso.Abstract.Unity", "Contoso.Abstract.Unity\Contoso.Abstract.Unity.csproj", "{21FCE5EA-3C6D-43D7-9984-1278307AB77E}"
EndProject
Project("{FAE04EC0-301F-11D3-BF4B-00C04F79EFBC}") = "Contoso.Abstract.CastleWindsor", "Contoso.Abstract.CastleWindsor\Contoso.Abstract.CastleWindsor.csproj", "{C03A8167-F65E-4271-978C-E72914C9C311}"
EndProject
Project("{FAE04EC0-301F-11D3-BF4B-00C04F79EFBC}") = "Contoso.Abstract.Msmq", "Contoso.Abstract.Msmq\Contoso.Abstract.Msmq.csproj", "{329592DA-BAC3-41D0-9197-EC1186A28560}"
EndProject
Project("{FAE04EC0-301F-11D3-BF4B-00C04F79EFBC}") = "Contoso.Abstract.RabbitMQ", "Contoso.Abstract.RabbitMQ\Contoso.Abstract.RabbitMQ.csproj", "{23DE10E6-3675-417C-A0E6-FE9CF566CBB0}"
EndProject
Project("{FAE04EC0-301F-11D3-BF4B-00C04F79EFBC}") = "Example", "Example\Example.csproj", "{53E4420E-F7BB-4647-B6AE-BA2C1AC53237}"
EndProject
Project("{FAE04EC0-301F-11D3-BF4B-00C04F79EFBC}") = "Contoso.Abstract.ApplicationBus.4", "Contoso.Abstract.ApplicationBus.4\Contoso.Abstract.ApplicationBus.4.csproj", "{2D0DAEDD-96E3-4395-AA31-A2407B03CB95}"
EndProject
Project("{FAE04EC0-301F-11D3-BF4B-00C04F79EFBC}") = "System.Abstract.4", "System.Abstract.4\System.Abstract.4.csproj", "{8E4B8D27-6CFB-414D-8597-6B92F13BCAAA}"
EndProject
Project("{FAE04EC0-301F-11D3-BF4B-00C04F79EFBC}") = "Contoso.Abstract.Autofac.4", "Contoso.Abstract.Autofac.4\Contoso.Abstract.Autofac.4.csproj", "{078ECB87-6595-448E-8054-FB999B0DB350}"
EndProject
Project("{FAE04EC0-301F-11D3-BF4B-00C04F79EFBC}") = "Contoso.Abstract.MongoDB.4", "Contoso.Abstract.MongoDB.4\Contoso.Abstract.MongoDB.4.csproj", "{F3B9AFC0-A8D9-4D7F-B660-54553A8A7A30}"
EndProject
Project("{FAE04EC0-301F-11D3-BF4B-00C04F79EFBC}") = "Contoso.Abstract.Msmq.4", "Contoso.Abstract.Msmq.4\Contoso.Abstract.Msmq.4.csproj", "{38A2CF20-3E58-4C61-AEAC-4230C0F3F8AC}"
EndProject
Project("{FAE04EC0-301F-11D3-BF4B-00C04F79EFBC}") = "Contoso.Abstract.Ninject.4", "Contoso.Abstract.Ninject.4\Contoso.Abstract.Ninject.4.csproj", "{D85B51C1-9B97-4AF0-B0BE-BAE93866103A}"
EndProject
Project("{FAE04EC0-301F-11D3-BF4B-00C04F79EFBC}") = "Contoso.Abstract.NServiceBus.4", "Contoso.Abstract.NServiceBus.4\Contoso.Abstract.NServiceBus.4.csproj", "{9F470F63-B509-4B5F-B2A4-3364914935E4}"
EndProject
Project("{FAE04EC0-301F-11D3-BF4B-00C04F79EFBC}") = "Contoso.Abstract.RabbitMQ.4", "Contoso.Abstract.RabbitMQ.4\Contoso.Abstract.RabbitMQ.4.csproj", "{2512C0B2-013C-4E2C-8BA1-29B919B3CFB3}"
EndProject
Project("{FAE04EC0-301F-11D3-BF4B-00C04F79EFBC}") = "Contoso.Abstract.TypeSerializer.4", "Contoso.Abstract.TypeSerializer.4\Contoso.Abstract.TypeSerializer.4.csproj", "{4B9E4DED-536A-450E-9B34-53383D3D1BFC}"
EndProject
Project("{FAE04EC0-301F-11D3-BF4B-00C04F79EFBC}") = "Contoso.Abstract.Sql.4", "Contoso.Abstract.Sql.4\Contoso.Abstract.Sql.4.csproj", "{875FB8E5-8631-42E5-9DA2-8D8037627592}"
EndProject
Project("{FAE04EC0-301F-11D3-BF4B-00C04F79EFBC}") = "Contoso.Abstract.StructureMap.4", "Contoso.Abstract.StructureMap.4\Contoso.Abstract.StructureMap.4.csproj", "{C8B19127-C82E-45C5-8A6D-DA22AE9C8A7B}"
EndProject
Project("{FAE04EC0-301F-11D3-BF4B-00C04F79EFBC}") = "Contoso.Abstract.Unity.4", "Contoso.Abstract.Unity.4\Contoso.Abstract.Unity.4.csproj", "{D8273634-E428-474A-98EB-4D9374F782A2}"
EndProject
Project("{FAE04EC0-301F-11D3-BF4B-00C04F79EFBC}") = "Contoso.Abstract.CastleWindsor.4", "Contoso.Abstract.CastleWindsor.4\Contoso.Abstract.CastleWindsor.4.csproj", "{BBF59724-E4CC-4243-9E43-9860B39EAB69}"
EndProject
Project("{FAE04EC0-301F-11D3-BF4B-00C04F79EFBC}") = "Contoso.Abstract.Hiro", "Contoso.Abstract.Hiro\Contoso.Abstract.Hiro.csproj", "{60E87E13-151E-40A4-A896-D1C3E2B4DEE7}"
EndProject
Project("{FAE04EC0-301F-11D3-BF4B-00C04F79EFBC}") = "Contoso.Abstract.Hiro.4", "Contoso.Abstract.Hiro.4\Contoso.Abstract.Hiro.4.csproj", "{EE635BC7-9410-471D-9C8C-A89302DF0822}"
EndProject
Project("{FAE04EC0-301F-11D3-BF4B-00C04F79EFBC}") = "Contoso.Abstract.ServerAppFabric", "Contoso.Abstract.ServerAppFabric\Contoso.Abstract.ServerAppFabric.csproj", "{11AB87CE-AC55-4371-B2FB-F8D8E445654F}"
EndProject
Project("{FAE04EC0-301F-11D3-BF4B-00C04F79EFBC}") = "Contoso.Abstract.ServerAppFabric.4", "Contoso.Abstract.ServerAppFabric.4\Contoso.Abstract.ServerAppFabric.4.csproj", "{5E99415E-B741-446D-B640-6EDF90063994}"
EndProject
Project("{FAE04EC0-301F-11D3-BF4B-00C04F79EFBC}") = "Contoso.Abstract.Web", "Contoso.Abstract.Web\Contoso.Abstract.Web.csproj", "{D1EBE7A3-1CFD-438C-A007-FF281F0B1D2A}"
EndProject
Project("{FAE04EC0-301F-11D3-BF4B-00C04F79EFBC}") = "Contoso.Abstract.Web.4", "Contoso.Abstract.Web.4\Contoso.Abstract.Web.4.csproj", "{4FF6400F-0C67-4156-AE24-9DC8D3A36FF8}"
EndProject
Project("{FAE04EC0-301F-11D3-BF4B-00C04F79EFBC}") = "Contoso.Abstract.Memcached", "Contoso.Abstract.Memcached\Contoso.Abstract.Memcached.csproj", "{4681087B-F518-41B5-A6AB-5421F7BD198A}"
EndProject
Project("{FAE04EC0-301F-11D3-BF4B-00C04F79EFBC}") = "Contoso.Abstract.Memcached.4", "Contoso.Abstract.Memcached.4\Contoso.Abstract.Memcached.4.csproj", "{823CF03D-74EC-4D3B-BEF1-7344F73E8E82}"
EndProject
Project("{FAE04EC0-301F-11D3-BF4B-00C04F79EFBC}") = "Contoso.Abstract.MvcTurbine.4", "Contoso.Abstract.MvcTurbine.4\Contoso.Abstract.MvcTurbine.4.csproj", "{1BE7E10E-2D69-40A6-B78C-D2BB81687D2B}"
EndProject
Project("{FAE04EC0-301F-11D3-BF4B-00C04F79EFBC}") = "Contoso.Abstract.MvcTurbine", "Contoso.Abstract.MvcTurbine\Contoso.Abstract.MvcTurbine.csproj", "{6ECD2B38-B550-430E-A90B-E770512BF458}"
EndProject
Project("{FAE04EC0-301F-11D3-BF4B-00C04F79EFBC}") = "Contoso.Practices.DurableBus", "Contoso.Practices.DurableBus\Contoso.Practices.DurableBus.csproj", "{1AE81111-2088-4963-BBFC-27C7D098FD80}"
EndProject
Project("{FAE04EC0-301F-11D3-BF4B-00C04F79EFBC}") = "Contoso.Practices.DurableBus.4", "Contoso.Practices.DurableBus.4\Contoso.Practices.DurableBus.4.csproj", "{3CBEF415-B71A-4811-A615-8635A778E281}"
EndProject
Project("{FAE04EC0-301F-11D3-BF4B-00C04F79EFBC}") = "Contoso.Practices.Cqrs.4", "Contoso.Practices.Cqrs.4\Contoso.Practices.Cqrs.4.csproj", "{14D5934C-F462-4087-89A9-579E7F7BE704}"
EndProject
Project("{FAE04EC0-301F-11D3-BF4B-00C04F79EFBC}") = "Contoso.Practices.Cqrs", "Contoso.Practices.Cqrs\Contoso.Practices.Cqrs.csproj", "{C2F4F0D8-979A-4DCB-AC26-9701F7D46224}"
EndProject
Project("{FAE04EC0-301F-11D3-BF4B-00C04F79EFBC}") = "Contoso.Abstract.NLog", "Contoso.Abstract.NLog\Contoso.Abstract.NLog.csproj", "{46DBED3F-72CA-4FE8-9C61-97C39E655F45}"
EndProject
Project("{FAE04EC0-301F-11D3-BF4B-00C04F79EFBC}") = "Contoso.Abstract.NLog.4", "Contoso.Abstract.NLog.4\Contoso.Abstract.NLog.4.csproj", "{E16A3794-05FA-48A3-9CD2-32F168513F04}"
EndProject
Project("{FAE04EC0-301F-11D3-BF4B-00C04F79EFBC}") = "Contoso.Abstract.Log4Net.4", "Contoso.Abstract.Log4Net.4\Contoso.Abstract.Log4Net.4.csproj", "{3602C091-EDB9-4233-9FC7-7E245DFEFD34}"
EndProject
Project("{FAE04EC0-301F-11D3-BF4B-00C04F79EFBC}") = "Contoso.Abstract.Log4Net", "Contoso.Abstract.Log4Net\Contoso.Abstract.Log4Net.csproj", "{539BA0CF-E8E4-4501-A6A8-F7E695BCFA19}"
EndProject
Project("{FAE04EC0-301F-11D3-BF4B-00C04F79EFBC}") = "Example.4", "Example.4\Example.4.csproj", "{0194BC96-FBEE-49A9-9F9B-6FB7D55E810B}"
EndProject
Project("{FAE04EC0-301F-11D3-BF4B-00C04F79EFBC}") = "Contoso.Abstract.Web.Mvc.4", "Contoso.Abstract.Web.Mvc.4\Contoso.Abstract.Web.Mvc.4.csproj", "{9061E52B-AB9F-4BCE-8840-850824B039D8}"
EndProject
Project("{FAE04EC0-301F-11D3-BF4B-00C04F79EFBC}") = "Contoso.Abstract.Web.Mvc", "Contoso.Abstract.Web.Mvc\Contoso.Abstract.Web.Mvc.csproj", "{9E961ED4-69FD-42FE-B19C-3EAB67D1535B}"
EndProject
Project("{FAE04EC0-301F-11D3-BF4B-00C04F79EFBC}") = "System.Abstract.Configuration.4", "System.Abstract.Configuration.4\System.Abstract.Configuration.4.csproj", "{46A59617-2520-4509-8B41-204C9085ABC7}"
EndProject
Project("{FAE04EC0-301F-11D3-BF4B-00C04F79EFBC}") = "System.Abstract.Configuration", "System.Abstract.Configuration\System.Abstract.Configuration.csproj", "{DB612EDF-A832-4E85-BC2A-73FFF7BB91E1}"
EndProject
Project("{FAE04EC0-301F-11D3-BF4B-00C04F79EFBC}") = "Contoso.Abstract.RhinoServiceBus", "Contoso.Abstract.RhinoServiceBus\Contoso.Abstract.RhinoServiceBus.csproj", "{C1A8AD53-BCFC-447D-8C03-D7C453D2739E}"
EndProject
Project("{FAE04EC0-301F-11D3-BF4B-00C04F79EFBC}") = "Contoso.Abstract.RhinoServiceBus.4", "Contoso.Abstract.RhinoServiceBus.4\Contoso.Abstract.RhinoServiceBus.4.csproj", "{3CD3880F-DDEB-453D-895B-5E90AC66FE4A}"
EndProject
Project("{2150E333-8FDC-42A3-9474-1A3956D46DE8}") = "ServiceLocators", "ServiceLocators", "{30AE155D-2346-47B8-B2D9-31E379BC288B}"
EndProject
Project("{2150E333-8FDC-42A3-9474-1A3956D46DE8}") = "ServiceBuses", "ServiceBuses", "{06774EE4-8C3B-451A-AF4C-0A7DA4D1B4AA}"
EndProject
Project("{2150E333-8FDC-42A3-9474-1A3956D46DE8}") = "ServiceLogs", "ServiceLogs", "{0D0B2FD8-835E-4441-8541-A43E851C2DFF}"
EndProject
Project("{2150E333-8FDC-42A3-9474-1A3956D46DE8}") = "ServiceCaches", "ServiceCaches", "{4AEE3D3A-F2A8-4D4F-B4DD-344A98500473}"
EndProject
Project("{2150E333-8FDC-42A3-9474-1A3956D46DE8}") = "Practices", "Practices", "{1A4E44EF-5291-4514-98E9-ECD3371C52CF}"
EndProject
Project("{2150E333-8FDC-42A3-9474-1A3956D46DE8}") = "EventSource", "EventSource", "{142DFD1F-0003-416D-B1D4-A88C085D58EF}"
EndProject
Project("{FAE04EC0-301F-11D3-BF4B-00C04F79EFBC}") = "Example.RhinoServiceBus.Host.4", "Example.RhinoServiceBus.Host.4\Example.RhinoServiceBus.Host.4.csproj", "{5453840C-79D7-4CCD-AE04-1BB00BD0AB52}"
EndProject
Project("{FAE04EC0-301F-11D3-BF4B-00C04F79EFBC}") = "Contoso.Abstract.Spring", "Contoso.Abstract.Spring\Contoso.Abstract.Spring.csproj", "{08D54C60-5744-423F-A700-9ABE13C62B20}"
EndProject
Project("{FAE04EC0-301F-11D3-BF4B-00C04F79EFBC}") = "Contoso.Abstract.Spring.4", "Contoso.Abstract.Spring.4\Contoso.Abstract.Spring.4.csproj", "{AF124673-8996-4EB5-A2E5-AF94C7B8F667}"
EndProject
Project("{FAE04EC0-301F-11D3-BF4B-00C04F79EFBC}") = "Contoso.Abstract.ZeroMQx64", "Contoso.Abstract.ZeroMQx64\Contoso.Abstract.ZeroMQx64.csproj", "{364C1936-361B-4996-84CA-74F44BD45164}"
EndProject
Project("{FAE04EC0-301F-11D3-BF4B-00C04F79EFBC}") = "Contoso.Abstract.ZeroMQx64.4", "Contoso.Abstract.ZeroMQx64.4\Contoso.Abstract.ZeroMQx64.4.csproj", "{81D588A7-E841-4DA5-80FA-6CE53001F180}"
EndProject
Project("{FAE04EC0-301F-11D3-BF4B-00C04F79EFBC}") = "Example.RhinoServiceBus.4", "Example.RhinoServiceBus.4\Example.RhinoServiceBus.4.csproj", "{69F78AD6-72BC-4401-B9D4-49F13FA4CCD6}"
EndProject
Project("{FAE04EC0-301F-11D3-BF4B-00C04F79EFBC}") = "Contoso.Abstract.MTServiceBus.4", "Contoso.Abstract.MTServiceBus.4\Contoso.Abstract.MTServiceBus.4.csproj", "{9B6D3610-03BE-4D2A-A797-F185503C06E2}"
EndProject
Project("{FAE04EC0-301F-11D3-BF4B-00C04F79EFBC}") = "Contoso.Abstract.MTServiceBus", "Contoso.Abstract.MTServiceBus\Contoso.Abstract.MTServiceBus.csproj", "{6C7BE524-C5E4-4647-A271-841CA6A0A221}"
EndProject
Global
	GlobalSection(SolutionConfigurationPlatforms) = preSolution
		Debug|Any CPU = Debug|Any CPU
		Debug|Mixed Platforms = Debug|Mixed Platforms
		Debug|x86 = Debug|x86
		Release|Any CPU = Release|Any CPU
		Release|Mixed Platforms = Release|Mixed Platforms
		Release|x86 = Release|x86
	EndGlobalSection
	GlobalSection(ProjectConfigurationPlatforms) = postSolution
		{A44E9D89-BFF2-41A4-AADC-3C2BDFDAEEB1}.Debug|Any CPU.ActiveCfg = Debug|Any CPU
		{A44E9D89-BFF2-41A4-AADC-3C2BDFDAEEB1}.Debug|Any CPU.Build.0 = Debug|Any CPU
		{A44E9D89-BFF2-41A4-AADC-3C2BDFDAEEB1}.Debug|Mixed Platforms.ActiveCfg = Debug|Any CPU
		{A44E9D89-BFF2-41A4-AADC-3C2BDFDAEEB1}.Debug|Mixed Platforms.Build.0 = Debug|Any CPU
		{A44E9D89-BFF2-41A4-AADC-3C2BDFDAEEB1}.Debug|x86.ActiveCfg = Debug|Any CPU
		{A44E9D89-BFF2-41A4-AADC-3C2BDFDAEEB1}.Release|Any CPU.ActiveCfg = Release|Any CPU
		{A44E9D89-BFF2-41A4-AADC-3C2BDFDAEEB1}.Release|Any CPU.Build.0 = Release|Any CPU
		{A44E9D89-BFF2-41A4-AADC-3C2BDFDAEEB1}.Release|Mixed Platforms.ActiveCfg = Release|Any CPU
		{A44E9D89-BFF2-41A4-AADC-3C2BDFDAEEB1}.Release|Mixed Platforms.Build.0 = Release|Any CPU
		{A44E9D89-BFF2-41A4-AADC-3C2BDFDAEEB1}.Release|x86.ActiveCfg = Release|Any CPU
		{7F717114-B597-4B43-931A-529F696A549A}.Debug|Any CPU.ActiveCfg = Debug|Any CPU
		{7F717114-B597-4B43-931A-529F696A549A}.Debug|Any CPU.Build.0 = Debug|Any CPU
		{7F717114-B597-4B43-931A-529F696A549A}.Debug|Mixed Platforms.ActiveCfg = Debug|Any CPU
		{7F717114-B597-4B43-931A-529F696A549A}.Debug|Mixed Platforms.Build.0 = Debug|Any CPU
		{7F717114-B597-4B43-931A-529F696A549A}.Debug|x86.ActiveCfg = Debug|Any CPU
		{7F717114-B597-4B43-931A-529F696A549A}.Release|Any CPU.ActiveCfg = Release|Any CPU
		{7F717114-B597-4B43-931A-529F696A549A}.Release|Any CPU.Build.0 = Release|Any CPU
		{7F717114-B597-4B43-931A-529F696A549A}.Release|Mixed Platforms.ActiveCfg = Release|Any CPU
		{7F717114-B597-4B43-931A-529F696A549A}.Release|Mixed Platforms.Build.0 = Release|Any CPU
		{7F717114-B597-4B43-931A-529F696A549A}.Release|x86.ActiveCfg = Release|Any CPU
		{3AB44594-75F2-4D20-8450-F3FA9D4DE763}.Debug|Any CPU.ActiveCfg = Debug|Any CPU
		{3AB44594-75F2-4D20-8450-F3FA9D4DE763}.Debug|Any CPU.Build.0 = Debug|Any CPU
		{3AB44594-75F2-4D20-8450-F3FA9D4DE763}.Debug|Mixed Platforms.ActiveCfg = Debug|Any CPU
		{3AB44594-75F2-4D20-8450-F3FA9D4DE763}.Debug|Mixed Platforms.Build.0 = Debug|Any CPU
		{3AB44594-75F2-4D20-8450-F3FA9D4DE763}.Debug|x86.ActiveCfg = Debug|Any CPU
		{3AB44594-75F2-4D20-8450-F3FA9D4DE763}.Release|Any CPU.ActiveCfg = Release|Any CPU
		{3AB44594-75F2-4D20-8450-F3FA9D4DE763}.Release|Any CPU.Build.0 = Release|Any CPU
		{3AB44594-75F2-4D20-8450-F3FA9D4DE763}.Release|Mixed Platforms.ActiveCfg = Release|Any CPU
		{3AB44594-75F2-4D20-8450-F3FA9D4DE763}.Release|Mixed Platforms.Build.0 = Release|Any CPU
		{3AB44594-75F2-4D20-8450-F3FA9D4DE763}.Release|x86.ActiveCfg = Release|Any CPU
		{02959882-7BAC-4763-B26E-58ED362A9A3F}.Debug|Any CPU.ActiveCfg = Debug|Any CPU
		{02959882-7BAC-4763-B26E-58ED362A9A3F}.Debug|Any CPU.Build.0 = Debug|Any CPU
		{02959882-7BAC-4763-B26E-58ED362A9A3F}.Debug|Mixed Platforms.ActiveCfg = Debug|Any CPU
		{02959882-7BAC-4763-B26E-58ED362A9A3F}.Debug|Mixed Platforms.Build.0 = Debug|Any CPU
		{02959882-7BAC-4763-B26E-58ED362A9A3F}.Debug|x86.ActiveCfg = Debug|Any CPU
		{02959882-7BAC-4763-B26E-58ED362A9A3F}.Release|Any CPU.ActiveCfg = Release|Any CPU
		{02959882-7BAC-4763-B26E-58ED362A9A3F}.Release|Any CPU.Build.0 = Release|Any CPU
		{02959882-7BAC-4763-B26E-58ED362A9A3F}.Release|Mixed Platforms.ActiveCfg = Release|Any CPU
		{02959882-7BAC-4763-B26E-58ED362A9A3F}.Release|Mixed Platforms.Build.0 = Release|Any CPU
		{02959882-7BAC-4763-B26E-58ED362A9A3F}.Release|x86.ActiveCfg = Release|Any CPU
		{03A4AE50-0401-4DDB-96E8-B90A5D64FA93}.Debug|Any CPU.ActiveCfg = Debug|Any CPU
		{03A4AE50-0401-4DDB-96E8-B90A5D64FA93}.Debug|Any CPU.Build.0 = Debug|Any CPU
		{03A4AE50-0401-4DDB-96E8-B90A5D64FA93}.Debug|Mixed Platforms.ActiveCfg = Debug|Any CPU
		{03A4AE50-0401-4DDB-96E8-B90A5D64FA93}.Debug|Mixed Platforms.Build.0 = Debug|Any CPU
		{03A4AE50-0401-4DDB-96E8-B90A5D64FA93}.Debug|x86.ActiveCfg = Debug|Any CPU
		{03A4AE50-0401-4DDB-96E8-B90A5D64FA93}.Release|Any CPU.ActiveCfg = Release|Any CPU
		{03A4AE50-0401-4DDB-96E8-B90A5D64FA93}.Release|Any CPU.Build.0 = Release|Any CPU
		{03A4AE50-0401-4DDB-96E8-B90A5D64FA93}.Release|Mixed Platforms.ActiveCfg = Release|Any CPU
		{03A4AE50-0401-4DDB-96E8-B90A5D64FA93}.Release|Mixed Platforms.Build.0 = Release|Any CPU
		{03A4AE50-0401-4DDB-96E8-B90A5D64FA93}.Release|x86.ActiveCfg = Release|Any CPU
		{BF36681D-4869-48B6-B2E9-F78430206F62}.Debug|Any CPU.ActiveCfg = Debug|Any CPU
		{BF36681D-4869-48B6-B2E9-F78430206F62}.Debug|Any CPU.Build.0 = Debug|Any CPU
		{BF36681D-4869-48B6-B2E9-F78430206F62}.Debug|Mixed Platforms.ActiveCfg = Debug|Any CPU
		{BF36681D-4869-48B6-B2E9-F78430206F62}.Debug|Mixed Platforms.Build.0 = Debug|Any CPU
		{BF36681D-4869-48B6-B2E9-F78430206F62}.Debug|x86.ActiveCfg = Debug|Any CPU
		{BF36681D-4869-48B6-B2E9-F78430206F62}.Release|Any CPU.ActiveCfg = Release|Any CPU
		{BF36681D-4869-48B6-B2E9-F78430206F62}.Release|Any CPU.Build.0 = Release|Any CPU
		{BF36681D-4869-48B6-B2E9-F78430206F62}.Release|Mixed Platforms.ActiveCfg = Release|Any CPU
		{BF36681D-4869-48B6-B2E9-F78430206F62}.Release|Mixed Platforms.Build.0 = Release|Any CPU
		{BF36681D-4869-48B6-B2E9-F78430206F62}.Release|x86.ActiveCfg = Release|Any CPU
		{45479754-BA8C-46CE-B42A-1432EC8CEE6B}.Debug|Any CPU.ActiveCfg = Debug|Any CPU
		{45479754-BA8C-46CE-B42A-1432EC8CEE6B}.Debug|Any CPU.Build.0 = Debug|Any CPU
		{45479754-BA8C-46CE-B42A-1432EC8CEE6B}.Debug|Mixed Platforms.ActiveCfg = Debug|Any CPU
		{45479754-BA8C-46CE-B42A-1432EC8CEE6B}.Debug|Mixed Platforms.Build.0 = Debug|Any CPU
		{45479754-BA8C-46CE-B42A-1432EC8CEE6B}.Debug|x86.ActiveCfg = Debug|Any CPU
		{45479754-BA8C-46CE-B42A-1432EC8CEE6B}.Release|Any CPU.ActiveCfg = Release|Any CPU
		{45479754-BA8C-46CE-B42A-1432EC8CEE6B}.Release|Any CPU.Build.0 = Release|Any CPU
		{45479754-BA8C-46CE-B42A-1432EC8CEE6B}.Release|Mixed Platforms.ActiveCfg = Release|Any CPU
		{45479754-BA8C-46CE-B42A-1432EC8CEE6B}.Release|Mixed Platforms.Build.0 = Release|Any CPU
		{45479754-BA8C-46CE-B42A-1432EC8CEE6B}.Release|x86.ActiveCfg = Release|Any CPU
		{530515EF-6DFC-4A59-BCF2-F0F998DC6D89}.Debug|Any CPU.ActiveCfg = Debug|Any CPU
		{530515EF-6DFC-4A59-BCF2-F0F998DC6D89}.Debug|Any CPU.Build.0 = Debug|Any CPU
		{530515EF-6DFC-4A59-BCF2-F0F998DC6D89}.Debug|Mixed Platforms.ActiveCfg = Debug|Any CPU
		{530515EF-6DFC-4A59-BCF2-F0F998DC6D89}.Debug|Mixed Platforms.Build.0 = Debug|Any CPU
		{530515EF-6DFC-4A59-BCF2-F0F998DC6D89}.Debug|x86.ActiveCfg = Debug|Any CPU
		{530515EF-6DFC-4A59-BCF2-F0F998DC6D89}.Release|Any CPU.ActiveCfg = Release|Any CPU
		{530515EF-6DFC-4A59-BCF2-F0F998DC6D89}.Release|Any CPU.Build.0 = Release|Any CPU
		{530515EF-6DFC-4A59-BCF2-F0F998DC6D89}.Release|Mixed Platforms.ActiveCfg = Release|Any CPU
		{530515EF-6DFC-4A59-BCF2-F0F998DC6D89}.Release|Mixed Platforms.Build.0 = Release|Any CPU
		{530515EF-6DFC-4A59-BCF2-F0F998DC6D89}.Release|x86.ActiveCfg = Release|Any CPU
		{48DC2445-A460-4B42-B175-10B0924B248C}.Debug|Any CPU.ActiveCfg = Debug|Any CPU
		{48DC2445-A460-4B42-B175-10B0924B248C}.Debug|Any CPU.Build.0 = Debug|Any CPU
		{48DC2445-A460-4B42-B175-10B0924B248C}.Debug|Mixed Platforms.ActiveCfg = Debug|Any CPU
		{48DC2445-A460-4B42-B175-10B0924B248C}.Debug|Mixed Platforms.Build.0 = Debug|Any CPU
		{48DC2445-A460-4B42-B175-10B0924B248C}.Debug|x86.ActiveCfg = Debug|Any CPU
		{48DC2445-A460-4B42-B175-10B0924B248C}.Release|Any CPU.ActiveCfg = Release|Any CPU
		{48DC2445-A460-4B42-B175-10B0924B248C}.Release|Any CPU.Build.0 = Release|Any CPU
		{48DC2445-A460-4B42-B175-10B0924B248C}.Release|Mixed Platforms.ActiveCfg = Release|Any CPU
		{48DC2445-A460-4B42-B175-10B0924B248C}.Release|Mixed Platforms.Build.0 = Release|Any CPU
		{48DC2445-A460-4B42-B175-10B0924B248C}.Release|x86.ActiveCfg = Release|Any CPU
		{21FCE5EA-3C6D-43D7-9984-1278307AB77E}.Debug|Any CPU.ActiveCfg = Debug|Any CPU
		{21FCE5EA-3C6D-43D7-9984-1278307AB77E}.Debug|Any CPU.Build.0 = Debug|Any CPU
		{21FCE5EA-3C6D-43D7-9984-1278307AB77E}.Debug|Mixed Platforms.ActiveCfg = Debug|Any CPU
		{21FCE5EA-3C6D-43D7-9984-1278307AB77E}.Debug|Mixed Platforms.Build.0 = Debug|Any CPU
		{21FCE5EA-3C6D-43D7-9984-1278307AB77E}.Debug|x86.ActiveCfg = Debug|Any CPU
		{21FCE5EA-3C6D-43D7-9984-1278307AB77E}.Release|Any CPU.ActiveCfg = Release|Any CPU
		{21FCE5EA-3C6D-43D7-9984-1278307AB77E}.Release|Any CPU.Build.0 = Release|Any CPU
		{21FCE5EA-3C6D-43D7-9984-1278307AB77E}.Release|Mixed Platforms.ActiveCfg = Release|Any CPU
		{21FCE5EA-3C6D-43D7-9984-1278307AB77E}.Release|Mixed Platforms.Build.0 = Release|Any CPU
		{21FCE5EA-3C6D-43D7-9984-1278307AB77E}.Release|x86.ActiveCfg = Release|Any CPU
		{C03A8167-F65E-4271-978C-E72914C9C311}.Debug|Any CPU.ActiveCfg = Debug|Any CPU
		{C03A8167-F65E-4271-978C-E72914C9C311}.Debug|Any CPU.Build.0 = Debug|Any CPU
		{C03A8167-F65E-4271-978C-E72914C9C311}.Debug|Mixed Platforms.ActiveCfg = Debug|Any CPU
		{C03A8167-F65E-4271-978C-E72914C9C311}.Debug|Mixed Platforms.Build.0 = Debug|Any CPU
		{C03A8167-F65E-4271-978C-E72914C9C311}.Debug|x86.ActiveCfg = Debug|Any CPU
		{C03A8167-F65E-4271-978C-E72914C9C311}.Release|Any CPU.ActiveCfg = Release|Any CPU
		{C03A8167-F65E-4271-978C-E72914C9C311}.Release|Any CPU.Build.0 = Release|Any CPU
		{C03A8167-F65E-4271-978C-E72914C9C311}.Release|Mixed Platforms.ActiveCfg = Release|Any CPU
		{C03A8167-F65E-4271-978C-E72914C9C311}.Release|Mixed Platforms.Build.0 = Release|Any CPU
		{C03A8167-F65E-4271-978C-E72914C9C311}.Release|x86.ActiveCfg = Release|Any CPU
		{329592DA-BAC3-41D0-9197-EC1186A28560}.Debug|Any CPU.ActiveCfg = Debug|Any CPU
		{329592DA-BAC3-41D0-9197-EC1186A28560}.Debug|Any CPU.Build.0 = Debug|Any CPU
		{329592DA-BAC3-41D0-9197-EC1186A28560}.Debug|Mixed Platforms.ActiveCfg = Debug|Any CPU
		{329592DA-BAC3-41D0-9197-EC1186A28560}.Debug|Mixed Platforms.Build.0 = Debug|Any CPU
		{329592DA-BAC3-41D0-9197-EC1186A28560}.Debug|x86.ActiveCfg = Debug|Any CPU
		{329592DA-BAC3-41D0-9197-EC1186A28560}.Release|Any CPU.ActiveCfg = Release|Any CPU
		{329592DA-BAC3-41D0-9197-EC1186A28560}.Release|Any CPU.Build.0 = Release|Any CPU
		{329592DA-BAC3-41D0-9197-EC1186A28560}.Release|Mixed Platforms.ActiveCfg = Release|Any CPU
		{329592DA-BAC3-41D0-9197-EC1186A28560}.Release|Mixed Platforms.Build.0 = Release|Any CPU
		{329592DA-BAC3-41D0-9197-EC1186A28560}.Release|x86.ActiveCfg = Release|Any CPU
		{23DE10E6-3675-417C-A0E6-FE9CF566CBB0}.Debug|Any CPU.ActiveCfg = Debug|Any CPU
		{23DE10E6-3675-417C-A0E6-FE9CF566CBB0}.Debug|Any CPU.Build.0 = Debug|Any CPU
		{23DE10E6-3675-417C-A0E6-FE9CF566CBB0}.Debug|Mixed Platforms.ActiveCfg = Debug|Any CPU
		{23DE10E6-3675-417C-A0E6-FE9CF566CBB0}.Debug|Mixed Platforms.Build.0 = Debug|Any CPU
		{23DE10E6-3675-417C-A0E6-FE9CF566CBB0}.Debug|x86.ActiveCfg = Debug|Any CPU
		{23DE10E6-3675-417C-A0E6-FE9CF566CBB0}.Release|Any CPU.ActiveCfg = Release|Any CPU
		{23DE10E6-3675-417C-A0E6-FE9CF566CBB0}.Release|Any CPU.Build.0 = Release|Any CPU
		{23DE10E6-3675-417C-A0E6-FE9CF566CBB0}.Release|Mixed Platforms.ActiveCfg = Release|Any CPU
		{23DE10E6-3675-417C-A0E6-FE9CF566CBB0}.Release|Mixed Platforms.Build.0 = Release|Any CPU
		{23DE10E6-3675-417C-A0E6-FE9CF566CBB0}.Release|x86.ActiveCfg = Release|Any CPU
		{53E4420E-F7BB-4647-B6AE-BA2C1AC53237}.Debug|Any CPU.ActiveCfg = Debug|x86
		{53E4420E-F7BB-4647-B6AE-BA2C1AC53237}.Debug|Mixed Platforms.ActiveCfg = Debug|x86
		{53E4420E-F7BB-4647-B6AE-BA2C1AC53237}.Debug|Mixed Platforms.Build.0 = Debug|x86
		{53E4420E-F7BB-4647-B6AE-BA2C1AC53237}.Debug|x86.ActiveCfg = Debug|x86
		{53E4420E-F7BB-4647-B6AE-BA2C1AC53237}.Debug|x86.Build.0 = Debug|x86
		{53E4420E-F7BB-4647-B6AE-BA2C1AC53237}.Release|Any CPU.ActiveCfg = Release|x86
		{53E4420E-F7BB-4647-B6AE-BA2C1AC53237}.Release|Mixed Platforms.ActiveCfg = Release|x86
		{53E4420E-F7BB-4647-B6AE-BA2C1AC53237}.Release|Mixed Platforms.Build.0 = Release|x86
		{53E4420E-F7BB-4647-B6AE-BA2C1AC53237}.Release|x86.ActiveCfg = Release|x86
		{53E4420E-F7BB-4647-B6AE-BA2C1AC53237}.Release|x86.Build.0 = Release|x86
		{2D0DAEDD-96E3-4395-AA31-A2407B03CB95}.Debug|Any CPU.ActiveCfg = Debug|Any CPU
		{2D0DAEDD-96E3-4395-AA31-A2407B03CB95}.Debug|Any CPU.Build.0 = Debug|Any CPU
		{2D0DAEDD-96E3-4395-AA31-A2407B03CB95}.Debug|Mixed Platforms.ActiveCfg = Debug|Any CPU
		{2D0DAEDD-96E3-4395-AA31-A2407B03CB95}.Debug|Mixed Platforms.Build.0 = Debug|Any CPU
		{2D0DAEDD-96E3-4395-AA31-A2407B03CB95}.Debug|x86.ActiveCfg = Debug|Any CPU
		{2D0DAEDD-96E3-4395-AA31-A2407B03CB95}.Release|Any CPU.ActiveCfg = Release|Any CPU
		{2D0DAEDD-96E3-4395-AA31-A2407B03CB95}.Release|Any CPU.Build.0 = Release|Any CPU
		{2D0DAEDD-96E3-4395-AA31-A2407B03CB95}.Release|Mixed Platforms.ActiveCfg = Release|Any CPU
		{2D0DAEDD-96E3-4395-AA31-A2407B03CB95}.Release|Mixed Platforms.Build.0 = Release|Any CPU
		{2D0DAEDD-96E3-4395-AA31-A2407B03CB95}.Release|x86.ActiveCfg = Release|Any CPU
		{8E4B8D27-6CFB-414D-8597-6B92F13BCAAA}.Debug|Any CPU.ActiveCfg = Debug|Any CPU
		{8E4B8D27-6CFB-414D-8597-6B92F13BCAAA}.Debug|Any CPU.Build.0 = Debug|Any CPU
		{8E4B8D27-6CFB-414D-8597-6B92F13BCAAA}.Debug|Mixed Platforms.ActiveCfg = Debug|Any CPU
		{8E4B8D27-6CFB-414D-8597-6B92F13BCAAA}.Debug|Mixed Platforms.Build.0 = Debug|Any CPU
		{8E4B8D27-6CFB-414D-8597-6B92F13BCAAA}.Debug|x86.ActiveCfg = Debug|Any CPU
		{8E4B8D27-6CFB-414D-8597-6B92F13BCAAA}.Release|Any CPU.ActiveCfg = Release|Any CPU
		{8E4B8D27-6CFB-414D-8597-6B92F13BCAAA}.Release|Any CPU.Build.0 = Release|Any CPU
		{8E4B8D27-6CFB-414D-8597-6B92F13BCAAA}.Release|Mixed Platforms.ActiveCfg = Release|Any CPU
		{8E4B8D27-6CFB-414D-8597-6B92F13BCAAA}.Release|Mixed Platforms.Build.0 = Release|Any CPU
		{8E4B8D27-6CFB-414D-8597-6B92F13BCAAA}.Release|x86.ActiveCfg = Release|Any CPU
		{078ECB87-6595-448E-8054-FB999B0DB350}.Debug|Any CPU.ActiveCfg = Debug|Any CPU
		{078ECB87-6595-448E-8054-FB999B0DB350}.Debug|Any CPU.Build.0 = Debug|Any CPU
		{078ECB87-6595-448E-8054-FB999B0DB350}.Debug|Mixed Platforms.ActiveCfg = Debug|Any CPU
		{078ECB87-6595-448E-8054-FB999B0DB350}.Debug|Mixed Platforms.Build.0 = Debug|Any CPU
		{078ECB87-6595-448E-8054-FB999B0DB350}.Debug|x86.ActiveCfg = Debug|Any CPU
		{078ECB87-6595-448E-8054-FB999B0DB350}.Release|Any CPU.ActiveCfg = Release|Any CPU
		{078ECB87-6595-448E-8054-FB999B0DB350}.Release|Any CPU.Build.0 = Release|Any CPU
		{078ECB87-6595-448E-8054-FB999B0DB350}.Release|Mixed Platforms.ActiveCfg = Release|Any CPU
		{078ECB87-6595-448E-8054-FB999B0DB350}.Release|Mixed Platforms.Build.0 = Release|Any CPU
		{078ECB87-6595-448E-8054-FB999B0DB350}.Release|x86.ActiveCfg = Release|Any CPU
		{F3B9AFC0-A8D9-4D7F-B660-54553A8A7A30}.Debug|Any CPU.ActiveCfg = Debug|Any CPU
		{F3B9AFC0-A8D9-4D7F-B660-54553A8A7A30}.Debug|Any CPU.Build.0 = Debug|Any CPU
		{F3B9AFC0-A8D9-4D7F-B660-54553A8A7A30}.Debug|Mixed Platforms.ActiveCfg = Debug|Any CPU
		{F3B9AFC0-A8D9-4D7F-B660-54553A8A7A30}.Debug|Mixed Platforms.Build.0 = Debug|Any CPU
		{F3B9AFC0-A8D9-4D7F-B660-54553A8A7A30}.Debug|x86.ActiveCfg = Debug|Any CPU
		{F3B9AFC0-A8D9-4D7F-B660-54553A8A7A30}.Release|Any CPU.ActiveCfg = Release|Any CPU
		{F3B9AFC0-A8D9-4D7F-B660-54553A8A7A30}.Release|Any CPU.Build.0 = Release|Any CPU
		{F3B9AFC0-A8D9-4D7F-B660-54553A8A7A30}.Release|Mixed Platforms.ActiveCfg = Release|Any CPU
		{F3B9AFC0-A8D9-4D7F-B660-54553A8A7A30}.Release|Mixed Platforms.Build.0 = Release|Any CPU
		{F3B9AFC0-A8D9-4D7F-B660-54553A8A7A30}.Release|x86.ActiveCfg = Release|Any CPU
		{38A2CF20-3E58-4C61-AEAC-4230C0F3F8AC}.Debug|Any CPU.ActiveCfg = Debug|Any CPU
		{38A2CF20-3E58-4C61-AEAC-4230C0F3F8AC}.Debug|Any CPU.Build.0 = Debug|Any CPU
		{38A2CF20-3E58-4C61-AEAC-4230C0F3F8AC}.Debug|Mixed Platforms.ActiveCfg = Debug|Any CPU
		{38A2CF20-3E58-4C61-AEAC-4230C0F3F8AC}.Debug|Mixed Platforms.Build.0 = Debug|Any CPU
		{38A2CF20-3E58-4C61-AEAC-4230C0F3F8AC}.Debug|x86.ActiveCfg = Debug|Any CPU
		{38A2CF20-3E58-4C61-AEAC-4230C0F3F8AC}.Release|Any CPU.ActiveCfg = Release|Any CPU
		{38A2CF20-3E58-4C61-AEAC-4230C0F3F8AC}.Release|Any CPU.Build.0 = Release|Any CPU
		{38A2CF20-3E58-4C61-AEAC-4230C0F3F8AC}.Release|Mixed Platforms.ActiveCfg = Release|Any CPU
		{38A2CF20-3E58-4C61-AEAC-4230C0F3F8AC}.Release|Mixed Platforms.Build.0 = Release|Any CPU
		{38A2CF20-3E58-4C61-AEAC-4230C0F3F8AC}.Release|x86.ActiveCfg = Release|Any CPU
		{D85B51C1-9B97-4AF0-B0BE-BAE93866103A}.Debug|Any CPU.ActiveCfg = Debug|Any CPU
		{D85B51C1-9B97-4AF0-B0BE-BAE93866103A}.Debug|Any CPU.Build.0 = Debug|Any CPU
		{D85B51C1-9B97-4AF0-B0BE-BAE93866103A}.Debug|Mixed Platforms.ActiveCfg = Debug|Any CPU
		{D85B51C1-9B97-4AF0-B0BE-BAE93866103A}.Debug|Mixed Platforms.Build.0 = Debug|Any CPU
		{D85B51C1-9B97-4AF0-B0BE-BAE93866103A}.Debug|x86.ActiveCfg = Debug|Any CPU
		{D85B51C1-9B97-4AF0-B0BE-BAE93866103A}.Release|Any CPU.ActiveCfg = Release|Any CPU
		{D85B51C1-9B97-4AF0-B0BE-BAE93866103A}.Release|Any CPU.Build.0 = Release|Any CPU
		{D85B51C1-9B97-4AF0-B0BE-BAE93866103A}.Release|Mixed Platforms.ActiveCfg = Release|Any CPU
		{D85B51C1-9B97-4AF0-B0BE-BAE93866103A}.Release|Mixed Platforms.Build.0 = Release|Any CPU
		{D85B51C1-9B97-4AF0-B0BE-BAE93866103A}.Release|x86.ActiveCfg = Release|Any CPU
		{9F470F63-B509-4B5F-B2A4-3364914935E4}.Debug|Any CPU.ActiveCfg = Debug|Any CPU
		{9F470F63-B509-4B5F-B2A4-3364914935E4}.Debug|Any CPU.Build.0 = Debug|Any CPU
		{9F470F63-B509-4B5F-B2A4-3364914935E4}.Debug|Mixed Platforms.ActiveCfg = Debug|Any CPU
		{9F470F63-B509-4B5F-B2A4-3364914935E4}.Debug|Mixed Platforms.Build.0 = Debug|Any CPU
		{9F470F63-B509-4B5F-B2A4-3364914935E4}.Debug|x86.ActiveCfg = Debug|Any CPU
		{9F470F63-B509-4B5F-B2A4-3364914935E4}.Release|Any CPU.ActiveCfg = Release|Any CPU
		{9F470F63-B509-4B5F-B2A4-3364914935E4}.Release|Any CPU.Build.0 = Release|Any CPU
		{9F470F63-B509-4B5F-B2A4-3364914935E4}.Release|Mixed Platforms.ActiveCfg = Release|Any CPU
		{9F470F63-B509-4B5F-B2A4-3364914935E4}.Release|Mixed Platforms.Build.0 = Release|Any CPU
		{9F470F63-B509-4B5F-B2A4-3364914935E4}.Release|x86.ActiveCfg = Release|Any CPU
		{2512C0B2-013C-4E2C-8BA1-29B919B3CFB3}.Debug|Any CPU.ActiveCfg = Debug|Any CPU
		{2512C0B2-013C-4E2C-8BA1-29B919B3CFB3}.Debug|Any CPU.Build.0 = Debug|Any CPU
		{2512C0B2-013C-4E2C-8BA1-29B919B3CFB3}.Debug|Mixed Platforms.ActiveCfg = Debug|Any CPU
		{2512C0B2-013C-4E2C-8BA1-29B919B3CFB3}.Debug|Mixed Platforms.Build.0 = Debug|Any CPU
		{2512C0B2-013C-4E2C-8BA1-29B919B3CFB3}.Debug|x86.ActiveCfg = Debug|Any CPU
		{2512C0B2-013C-4E2C-8BA1-29B919B3CFB3}.Release|Any CPU.ActiveCfg = Release|Any CPU
		{2512C0B2-013C-4E2C-8BA1-29B919B3CFB3}.Release|Any CPU.Build.0 = Release|Any CPU
		{2512C0B2-013C-4E2C-8BA1-29B919B3CFB3}.Release|Mixed Platforms.ActiveCfg = Release|Any CPU
		{2512C0B2-013C-4E2C-8BA1-29B919B3CFB3}.Release|Mixed Platforms.Build.0 = Release|Any CPU
		{2512C0B2-013C-4E2C-8BA1-29B919B3CFB3}.Release|x86.ActiveCfg = Release|Any CPU
		{4B9E4DED-536A-450E-9B34-53383D3D1BFC}.Debug|Any CPU.ActiveCfg = Debug|Any CPU
		{4B9E4DED-536A-450E-9B34-53383D3D1BFC}.Debug|Any CPU.Build.0 = Debug|Any CPU
		{4B9E4DED-536A-450E-9B34-53383D3D1BFC}.Debug|Mixed Platforms.ActiveCfg = Debug|Any CPU
		{4B9E4DED-536A-450E-9B34-53383D3D1BFC}.Debug|Mixed Platforms.Build.0 = Debug|Any CPU
		{4B9E4DED-536A-450E-9B34-53383D3D1BFC}.Debug|x86.ActiveCfg = Debug|Any CPU
		{4B9E4DED-536A-450E-9B34-53383D3D1BFC}.Release|Any CPU.ActiveCfg = Release|Any CPU
		{4B9E4DED-536A-450E-9B34-53383D3D1BFC}.Release|Any CPU.Build.0 = Release|Any CPU
		{4B9E4DED-536A-450E-9B34-53383D3D1BFC}.Release|Mixed Platforms.ActiveCfg = Release|Any CPU
		{4B9E4DED-536A-450E-9B34-53383D3D1BFC}.Release|Mixed Platforms.Build.0 = Release|Any CPU
		{4B9E4DED-536A-450E-9B34-53383D3D1BFC}.Release|x86.ActiveCfg = Release|Any CPU
		{875FB8E5-8631-42E5-9DA2-8D8037627592}.Debug|Any CPU.ActiveCfg = Debug|Any CPU
		{875FB8E5-8631-42E5-9DA2-8D8037627592}.Debug|Any CPU.Build.0 = Debug|Any CPU
		{875FB8E5-8631-42E5-9DA2-8D8037627592}.Debug|Mixed Platforms.ActiveCfg = Debug|Any CPU
		{875FB8E5-8631-42E5-9DA2-8D8037627592}.Debug|Mixed Platforms.Build.0 = Debug|Any CPU
		{875FB8E5-8631-42E5-9DA2-8D8037627592}.Debug|x86.ActiveCfg = Debug|Any CPU
		{875FB8E5-8631-42E5-9DA2-8D8037627592}.Release|Any CPU.ActiveCfg = Release|Any CPU
		{875FB8E5-8631-42E5-9DA2-8D8037627592}.Release|Any CPU.Build.0 = Release|Any CPU
		{875FB8E5-8631-42E5-9DA2-8D8037627592}.Release|Mixed Platforms.ActiveCfg = Release|Any CPU
		{875FB8E5-8631-42E5-9DA2-8D8037627592}.Release|Mixed Platforms.Build.0 = Release|Any CPU
		{875FB8E5-8631-42E5-9DA2-8D8037627592}.Release|x86.ActiveCfg = Release|Any CPU
		{C8B19127-C82E-45C5-8A6D-DA22AE9C8A7B}.Debug|Any CPU.ActiveCfg = Debug|Any CPU
		{C8B19127-C82E-45C5-8A6D-DA22AE9C8A7B}.Debug|Any CPU.Build.0 = Debug|Any CPU
		{C8B19127-C82E-45C5-8A6D-DA22AE9C8A7B}.Debug|Mixed Platforms.ActiveCfg = Debug|Any CPU
		{C8B19127-C82E-45C5-8A6D-DA22AE9C8A7B}.Debug|Mixed Platforms.Build.0 = Debug|Any CPU
		{C8B19127-C82E-45C5-8A6D-DA22AE9C8A7B}.Debug|x86.ActiveCfg = Debug|Any CPU
		{C8B19127-C82E-45C5-8A6D-DA22AE9C8A7B}.Release|Any CPU.ActiveCfg = Release|Any CPU
		{C8B19127-C82E-45C5-8A6D-DA22AE9C8A7B}.Release|Any CPU.Build.0 = Release|Any CPU
		{C8B19127-C82E-45C5-8A6D-DA22AE9C8A7B}.Release|Mixed Platforms.ActiveCfg = Release|Any CPU
		{C8B19127-C82E-45C5-8A6D-DA22AE9C8A7B}.Release|Mixed Platforms.Build.0 = Release|Any CPU
		{C8B19127-C82E-45C5-8A6D-DA22AE9C8A7B}.Release|x86.ActiveCfg = Release|Any CPU
		{D8273634-E428-474A-98EB-4D9374F782A2}.Debug|Any CPU.ActiveCfg = Debug|Any CPU
		{D8273634-E428-474A-98EB-4D9374F782A2}.Debug|Any CPU.Build.0 = Debug|Any CPU
		{D8273634-E428-474A-98EB-4D9374F782A2}.Debug|Mixed Platforms.ActiveCfg = Debug|Any CPU
		{D8273634-E428-474A-98EB-4D9374F782A2}.Debug|Mixed Platforms.Build.0 = Debug|Any CPU
		{D8273634-E428-474A-98EB-4D9374F782A2}.Debug|x86.ActiveCfg = Debug|Any CPU
		{D8273634-E428-474A-98EB-4D9374F782A2}.Release|Any CPU.ActiveCfg = Release|Any CPU
		{D8273634-E428-474A-98EB-4D9374F782A2}.Release|Any CPU.Build.0 = Release|Any CPU
		{D8273634-E428-474A-98EB-4D9374F782A2}.Release|Mixed Platforms.ActiveCfg = Release|Any CPU
		{D8273634-E428-474A-98EB-4D9374F782A2}.Release|Mixed Platforms.Build.0 = Release|Any CPU
		{D8273634-E428-474A-98EB-4D9374F782A2}.Release|x86.ActiveCfg = Release|Any CPU
		{BBF59724-E4CC-4243-9E43-9860B39EAB69}.Debug|Any CPU.ActiveCfg = Debug|Any CPU
		{BBF59724-E4CC-4243-9E43-9860B39EAB69}.Debug|Any CPU.Build.0 = Debug|Any CPU
		{BBF59724-E4CC-4243-9E43-9860B39EAB69}.Debug|Mixed Platforms.ActiveCfg = Debug|Any CPU
		{BBF59724-E4CC-4243-9E43-9860B39EAB69}.Debug|Mixed Platforms.Build.0 = Debug|Any CPU
		{BBF59724-E4CC-4243-9E43-9860B39EAB69}.Debug|x86.ActiveCfg = Debug|Any CPU
		{BBF59724-E4CC-4243-9E43-9860B39EAB69}.Release|Any CPU.ActiveCfg = Release|Any CPU
		{BBF59724-E4CC-4243-9E43-9860B39EAB69}.Release|Any CPU.Build.0 = Release|Any CPU
		{BBF59724-E4CC-4243-9E43-9860B39EAB69}.Release|Mixed Platforms.ActiveCfg = Release|Any CPU
		{BBF59724-E4CC-4243-9E43-9860B39EAB69}.Release|Mixed Platforms.Build.0 = Release|Any CPU
		{BBF59724-E4CC-4243-9E43-9860B39EAB69}.Release|x86.ActiveCfg = Release|Any CPU
		{60E87E13-151E-40A4-A896-D1C3E2B4DEE7}.Debug|Any CPU.ActiveCfg = Debug|Any CPU
		{60E87E13-151E-40A4-A896-D1C3E2B4DEE7}.Debug|Any CPU.Build.0 = Debug|Any CPU
		{60E87E13-151E-40A4-A896-D1C3E2B4DEE7}.Debug|Mixed Platforms.ActiveCfg = Debug|Any CPU
		{60E87E13-151E-40A4-A896-D1C3E2B4DEE7}.Debug|Mixed Platforms.Build.0 = Debug|Any CPU
		{60E87E13-151E-40A4-A896-D1C3E2B4DEE7}.Debug|x86.ActiveCfg = Debug|Any CPU
		{60E87E13-151E-40A4-A896-D1C3E2B4DEE7}.Release|Any CPU.ActiveCfg = Release|Any CPU
		{60E87E13-151E-40A4-A896-D1C3E2B4DEE7}.Release|Any CPU.Build.0 = Release|Any CPU
		{60E87E13-151E-40A4-A896-D1C3E2B4DEE7}.Release|Mixed Platforms.ActiveCfg = Release|Any CPU
		{60E87E13-151E-40A4-A896-D1C3E2B4DEE7}.Release|Mixed Platforms.Build.0 = Release|Any CPU
		{60E87E13-151E-40A4-A896-D1C3E2B4DEE7}.Release|x86.ActiveCfg = Release|Any CPU
		{EE635BC7-9410-471D-9C8C-A89302DF0822}.Debug|Any CPU.ActiveCfg = Debug|Any CPU
		{EE635BC7-9410-471D-9C8C-A89302DF0822}.Debug|Any CPU.Build.0 = Debug|Any CPU
		{EE635BC7-9410-471D-9C8C-A89302DF0822}.Debug|Mixed Platforms.ActiveCfg = Debug|Any CPU
		{EE635BC7-9410-471D-9C8C-A89302DF0822}.Debug|Mixed Platforms.Build.0 = Debug|Any CPU
		{EE635BC7-9410-471D-9C8C-A89302DF0822}.Debug|x86.ActiveCfg = Debug|Any CPU
		{EE635BC7-9410-471D-9C8C-A89302DF0822}.Release|Any CPU.ActiveCfg = Release|Any CPU
		{EE635BC7-9410-471D-9C8C-A89302DF0822}.Release|Any CPU.Build.0 = Release|Any CPU
		{EE635BC7-9410-471D-9C8C-A89302DF0822}.Release|Mixed Platforms.ActiveCfg = Release|Any CPU
		{EE635BC7-9410-471D-9C8C-A89302DF0822}.Release|Mixed Platforms.Build.0 = Release|Any CPU
		{EE635BC7-9410-471D-9C8C-A89302DF0822}.Release|x86.ActiveCfg = Release|Any CPU
		{11AB87CE-AC55-4371-B2FB-F8D8E445654F}.Debug|Any CPU.ActiveCfg = Debug|Any CPU
		{11AB87CE-AC55-4371-B2FB-F8D8E445654F}.Debug|Any CPU.Build.0 = Debug|Any CPU
		{11AB87CE-AC55-4371-B2FB-F8D8E445654F}.Debug|Mixed Platforms.ActiveCfg = Debug|Any CPU
		{11AB87CE-AC55-4371-B2FB-F8D8E445654F}.Debug|Mixed Platforms.Build.0 = Debug|Any CPU
		{11AB87CE-AC55-4371-B2FB-F8D8E445654F}.Debug|x86.ActiveCfg = Debug|Any CPU
		{11AB87CE-AC55-4371-B2FB-F8D8E445654F}.Release|Any CPU.ActiveCfg = Release|Any CPU
		{11AB87CE-AC55-4371-B2FB-F8D8E445654F}.Release|Any CPU.Build.0 = Release|Any CPU
		{11AB87CE-AC55-4371-B2FB-F8D8E445654F}.Release|Mixed Platforms.ActiveCfg = Release|Any CPU
		{11AB87CE-AC55-4371-B2FB-F8D8E445654F}.Release|Mixed Platforms.Build.0 = Release|Any CPU
		{11AB87CE-AC55-4371-B2FB-F8D8E445654F}.Release|x86.ActiveCfg = Release|Any CPU
		{5E99415E-B741-446D-B640-6EDF90063994}.Debug|Any CPU.ActiveCfg = Debug|Any CPU
		{5E99415E-B741-446D-B640-6EDF90063994}.Debug|Any CPU.Build.0 = Debug|Any CPU
		{5E99415E-B741-446D-B640-6EDF90063994}.Debug|Mixed Platforms.ActiveCfg = Debug|Any CPU
		{5E99415E-B741-446D-B640-6EDF90063994}.Debug|Mixed Platforms.Build.0 = Debug|Any CPU
		{5E99415E-B741-446D-B640-6EDF90063994}.Debug|x86.ActiveCfg = Debug|Any CPU
		{5E99415E-B741-446D-B640-6EDF90063994}.Release|Any CPU.ActiveCfg = Release|Any CPU
		{5E99415E-B741-446D-B640-6EDF90063994}.Release|Any CPU.Build.0 = Release|Any CPU
		{5E99415E-B741-446D-B640-6EDF90063994}.Release|Mixed Platforms.ActiveCfg = Release|Any CPU
		{5E99415E-B741-446D-B640-6EDF90063994}.Release|Mixed Platforms.Build.0 = Release|Any CPU
		{5E99415E-B741-446D-B640-6EDF90063994}.Release|x86.ActiveCfg = Release|Any CPU
		{D1EBE7A3-1CFD-438C-A007-FF281F0B1D2A}.Debug|Any CPU.ActiveCfg = Debug|Any CPU
		{D1EBE7A3-1CFD-438C-A007-FF281F0B1D2A}.Debug|Any CPU.Build.0 = Debug|Any CPU
		{D1EBE7A3-1CFD-438C-A007-FF281F0B1D2A}.Debug|Mixed Platforms.ActiveCfg = Debug|Any CPU
		{D1EBE7A3-1CFD-438C-A007-FF281F0B1D2A}.Debug|Mixed Platforms.Build.0 = Debug|Any CPU
		{D1EBE7A3-1CFD-438C-A007-FF281F0B1D2A}.Debug|x86.ActiveCfg = Debug|Any CPU
		{D1EBE7A3-1CFD-438C-A007-FF281F0B1D2A}.Release|Any CPU.ActiveCfg = Release|Any CPU
		{D1EBE7A3-1CFD-438C-A007-FF281F0B1D2A}.Release|Any CPU.Build.0 = Release|Any CPU
		{D1EBE7A3-1CFD-438C-A007-FF281F0B1D2A}.Release|Mixed Platforms.ActiveCfg = Release|Any CPU
		{D1EBE7A3-1CFD-438C-A007-FF281F0B1D2A}.Release|Mixed Platforms.Build.0 = Release|Any CPU
		{D1EBE7A3-1CFD-438C-A007-FF281F0B1D2A}.Release|x86.ActiveCfg = Release|Any CPU
		{4FF6400F-0C67-4156-AE24-9DC8D3A36FF8}.Debug|Any CPU.ActiveCfg = Debug|Any CPU
		{4FF6400F-0C67-4156-AE24-9DC8D3A36FF8}.Debug|Any CPU.Build.0 = Debug|Any CPU
		{4FF6400F-0C67-4156-AE24-9DC8D3A36FF8}.Debug|Mixed Platforms.ActiveCfg = Debug|Any CPU
		{4FF6400F-0C67-4156-AE24-9DC8D3A36FF8}.Debug|Mixed Platforms.Build.0 = Debug|Any CPU
		{4FF6400F-0C67-4156-AE24-9DC8D3A36FF8}.Debug|x86.ActiveCfg = Debug|Any CPU
		{4FF6400F-0C67-4156-AE24-9DC8D3A36FF8}.Release|Any CPU.ActiveCfg = Release|Any CPU
		{4FF6400F-0C67-4156-AE24-9DC8D3A36FF8}.Release|Any CPU.Build.0 = Release|Any CPU
		{4FF6400F-0C67-4156-AE24-9DC8D3A36FF8}.Release|Mixed Platforms.ActiveCfg = Release|Any CPU
		{4FF6400F-0C67-4156-AE24-9DC8D3A36FF8}.Release|Mixed Platforms.Build.0 = Release|Any CPU
		{4FF6400F-0C67-4156-AE24-9DC8D3A36FF8}.Release|x86.ActiveCfg = Release|Any CPU
		{4681087B-F518-41B5-A6AB-5421F7BD198A}.Debug|Any CPU.ActiveCfg = Debug|Any CPU
		{4681087B-F518-41B5-A6AB-5421F7BD198A}.Debug|Any CPU.Build.0 = Debug|Any CPU
		{4681087B-F518-41B5-A6AB-5421F7BD198A}.Debug|Mixed Platforms.ActiveCfg = Debug|Any CPU
		{4681087B-F518-41B5-A6AB-5421F7BD198A}.Debug|Mixed Platforms.Build.0 = Debug|Any CPU
		{4681087B-F518-41B5-A6AB-5421F7BD198A}.Debug|x86.ActiveCfg = Debug|Any CPU
		{4681087B-F518-41B5-A6AB-5421F7BD198A}.Release|Any CPU.ActiveCfg = Release|Any CPU
		{4681087B-F518-41B5-A6AB-5421F7BD198A}.Release|Any CPU.Build.0 = Release|Any CPU
		{4681087B-F518-41B5-A6AB-5421F7BD198A}.Release|Mixed Platforms.ActiveCfg = Release|Any CPU
		{4681087B-F518-41B5-A6AB-5421F7BD198A}.Release|Mixed Platforms.Build.0 = Release|Any CPU
		{4681087B-F518-41B5-A6AB-5421F7BD198A}.Release|x86.ActiveCfg = Release|Any CPU
		{823CF03D-74EC-4D3B-BEF1-7344F73E8E82}.Debug|Any CPU.ActiveCfg = Debug|Any CPU
		{823CF03D-74EC-4D3B-BEF1-7344F73E8E82}.Debug|Any CPU.Build.0 = Debug|Any CPU
		{823CF03D-74EC-4D3B-BEF1-7344F73E8E82}.Debug|Mixed Platforms.ActiveCfg = Debug|Any CPU
		{823CF03D-74EC-4D3B-BEF1-7344F73E8E82}.Debug|Mixed Platforms.Build.0 = Debug|Any CPU
		{823CF03D-74EC-4D3B-BEF1-7344F73E8E82}.Debug|x86.ActiveCfg = Debug|Any CPU
		{823CF03D-74EC-4D3B-BEF1-7344F73E8E82}.Release|Any CPU.ActiveCfg = Release|Any CPU
		{823CF03D-74EC-4D3B-BEF1-7344F73E8E82}.Release|Any CPU.Build.0 = Release|Any CPU
		{823CF03D-74EC-4D3B-BEF1-7344F73E8E82}.Release|Mixed Platforms.ActiveCfg = Release|Any CPU
		{823CF03D-74EC-4D3B-BEF1-7344F73E8E82}.Release|Mixed Platforms.Build.0 = Release|Any CPU
		{823CF03D-74EC-4D3B-BEF1-7344F73E8E82}.Release|x86.ActiveCfg = Release|Any CPU
		{1BE7E10E-2D69-40A6-B78C-D2BB81687D2B}.Debug|Any CPU.ActiveCfg = Debug|Any CPU
		{1BE7E10E-2D69-40A6-B78C-D2BB81687D2B}.Debug|Any CPU.Build.0 = Debug|Any CPU
		{1BE7E10E-2D69-40A6-B78C-D2BB81687D2B}.Debug|Mixed Platforms.ActiveCfg = Debug|Any CPU
		{1BE7E10E-2D69-40A6-B78C-D2BB81687D2B}.Debug|Mixed Platforms.Build.0 = Debug|Any CPU
		{1BE7E10E-2D69-40A6-B78C-D2BB81687D2B}.Debug|x86.ActiveCfg = Debug|Any CPU
		{1BE7E10E-2D69-40A6-B78C-D2BB81687D2B}.Release|Any CPU.ActiveCfg = Release|Any CPU
		{1BE7E10E-2D69-40A6-B78C-D2BB81687D2B}.Release|Any CPU.Build.0 = Release|Any CPU
		{1BE7E10E-2D69-40A6-B78C-D2BB81687D2B}.Release|Mixed Platforms.ActiveCfg = Release|Any CPU
		{1BE7E10E-2D69-40A6-B78C-D2BB81687D2B}.Release|Mixed Platforms.Build.0 = Release|Any CPU
		{1BE7E10E-2D69-40A6-B78C-D2BB81687D2B}.Release|x86.ActiveCfg = Release|Any CPU
		{6ECD2B38-B550-430E-A90B-E770512BF458}.Debug|Any CPU.ActiveCfg = Debug|Any CPU
		{6ECD2B38-B550-430E-A90B-E770512BF458}.Debug|Any CPU.Build.0 = Debug|Any CPU
		{6ECD2B38-B550-430E-A90B-E770512BF458}.Debug|Mixed Platforms.ActiveCfg = Debug|Any CPU
		{6ECD2B38-B550-430E-A90B-E770512BF458}.Debug|Mixed Platforms.Build.0 = Debug|Any CPU
		{6ECD2B38-B550-430E-A90B-E770512BF458}.Debug|x86.ActiveCfg = Debug|Any CPU
		{6ECD2B38-B550-430E-A90B-E770512BF458}.Release|Any CPU.ActiveCfg = Release|Any CPU
		{6ECD2B38-B550-430E-A90B-E770512BF458}.Release|Any CPU.Build.0 = Release|Any CPU
		{6ECD2B38-B550-430E-A90B-E770512BF458}.Release|Mixed Platforms.ActiveCfg = Release|Any CPU
		{6ECD2B38-B550-430E-A90B-E770512BF458}.Release|Mixed Platforms.Build.0 = Release|Any CPU
		{6ECD2B38-B550-430E-A90B-E770512BF458}.Release|x86.ActiveCfg = Release|Any CPU
		{1AE81111-2088-4963-BBFC-27C7D098FD80}.Debug|Any CPU.ActiveCfg = Debug|Any CPU
		{1AE81111-2088-4963-BBFC-27C7D098FD80}.Debug|Any CPU.Build.0 = Debug|Any CPU
		{1AE81111-2088-4963-BBFC-27C7D098FD80}.Debug|Mixed Platforms.ActiveCfg = Debug|Any CPU
		{1AE81111-2088-4963-BBFC-27C7D098FD80}.Debug|Mixed Platforms.Build.0 = Debug|Any CPU
		{1AE81111-2088-4963-BBFC-27C7D098FD80}.Debug|x86.ActiveCfg = Debug|Any CPU
		{1AE81111-2088-4963-BBFC-27C7D098FD80}.Release|Any CPU.ActiveCfg = Release|Any CPU
		{1AE81111-2088-4963-BBFC-27C7D098FD80}.Release|Any CPU.Build.0 = Release|Any CPU
		{1AE81111-2088-4963-BBFC-27C7D098FD80}.Release|Mixed Platforms.ActiveCfg = Release|Any CPU
		{1AE81111-2088-4963-BBFC-27C7D098FD80}.Release|Mixed Platforms.Build.0 = Release|Any CPU
		{1AE81111-2088-4963-BBFC-27C7D098FD80}.Release|x86.ActiveCfg = Release|Any CPU
		{3CBEF415-B71A-4811-A615-8635A778E281}.Debug|Any CPU.ActiveCfg = Debug|Any CPU
		{3CBEF415-B71A-4811-A615-8635A778E281}.Debug|Any CPU.Build.0 = Debug|Any CPU
		{3CBEF415-B71A-4811-A615-8635A778E281}.Debug|Mixed Platforms.ActiveCfg = Debug|Any CPU
		{3CBEF415-B71A-4811-A615-8635A778E281}.Debug|Mixed Platforms.Build.0 = Debug|Any CPU
		{3CBEF415-B71A-4811-A615-8635A778E281}.Debug|x86.ActiveCfg = Debug|Any CPU
		{3CBEF415-B71A-4811-A615-8635A778E281}.Release|Any CPU.ActiveCfg = Release|Any CPU
		{3CBEF415-B71A-4811-A615-8635A778E281}.Release|Any CPU.Build.0 = Release|Any CPU
		{3CBEF415-B71A-4811-A615-8635A778E281}.Release|Mixed Platforms.ActiveCfg = Release|Any CPU
		{3CBEF415-B71A-4811-A615-8635A778E281}.Release|Mixed Platforms.Build.0 = Release|Any CPU
		{3CBEF415-B71A-4811-A615-8635A778E281}.Release|x86.ActiveCfg = Release|Any CPU
		{14D5934C-F462-4087-89A9-579E7F7BE704}.Debug|Any CPU.ActiveCfg = Debug|Any CPU
		{14D5934C-F462-4087-89A9-579E7F7BE704}.Debug|Any CPU.Build.0 = Debug|Any CPU
		{14D5934C-F462-4087-89A9-579E7F7BE704}.Debug|Mixed Platforms.ActiveCfg = Debug|Any CPU
		{14D5934C-F462-4087-89A9-579E7F7BE704}.Debug|Mixed Platforms.Build.0 = Debug|Any CPU
		{14D5934C-F462-4087-89A9-579E7F7BE704}.Debug|x86.ActiveCfg = Debug|Any CPU
		{14D5934C-F462-4087-89A9-579E7F7BE704}.Release|Any CPU.ActiveCfg = Release|Any CPU
		{14D5934C-F462-4087-89A9-579E7F7BE704}.Release|Any CPU.Build.0 = Release|Any CPU
		{14D5934C-F462-4087-89A9-579E7F7BE704}.Release|Mixed Platforms.ActiveCfg = Release|Any CPU
		{14D5934C-F462-4087-89A9-579E7F7BE704}.Release|Mixed Platforms.Build.0 = Release|Any CPU
		{14D5934C-F462-4087-89A9-579E7F7BE704}.Release|x86.ActiveCfg = Release|Any CPU
		{C2F4F0D8-979A-4DCB-AC26-9701F7D46224}.Debug|Any CPU.ActiveCfg = Debug|Any CPU
		{C2F4F0D8-979A-4DCB-AC26-9701F7D46224}.Debug|Any CPU.Build.0 = Debug|Any CPU
		{C2F4F0D8-979A-4DCB-AC26-9701F7D46224}.Debug|Mixed Platforms.ActiveCfg = Debug|Any CPU
		{C2F4F0D8-979A-4DCB-AC26-9701F7D46224}.Debug|Mixed Platforms.Build.0 = Debug|Any CPU
		{C2F4F0D8-979A-4DCB-AC26-9701F7D46224}.Debug|x86.ActiveCfg = Debug|Any CPU
		{C2F4F0D8-979A-4DCB-AC26-9701F7D46224}.Release|Any CPU.ActiveCfg = Release|Any CPU
		{C2F4F0D8-979A-4DCB-AC26-9701F7D46224}.Release|Any CPU.Build.0 = Release|Any CPU
		{C2F4F0D8-979A-4DCB-AC26-9701F7D46224}.Release|Mixed Platforms.ActiveCfg = Release|Any CPU
		{C2F4F0D8-979A-4DCB-AC26-9701F7D46224}.Release|Mixed Platforms.Build.0 = Release|Any CPU
		{C2F4F0D8-979A-4DCB-AC26-9701F7D46224}.Release|x86.ActiveCfg = Release|Any CPU
		{46DBED3F-72CA-4FE8-9C61-97C39E655F45}.Debug|Any CPU.ActiveCfg = Debug|Any CPU
		{46DBED3F-72CA-4FE8-9C61-97C39E655F45}.Debug|Any CPU.Build.0 = Debug|Any CPU
		{46DBED3F-72CA-4FE8-9C61-97C39E655F45}.Debug|Mixed Platforms.ActiveCfg = Debug|Any CPU
		{46DBED3F-72CA-4FE8-9C61-97C39E655F45}.Debug|Mixed Platforms.Build.0 = Debug|Any CPU
		{46DBED3F-72CA-4FE8-9C61-97C39E655F45}.Debug|x86.ActiveCfg = Debug|Any CPU
		{46DBED3F-72CA-4FE8-9C61-97C39E655F45}.Release|Any CPU.ActiveCfg = Release|Any CPU
		{46DBED3F-72CA-4FE8-9C61-97C39E655F45}.Release|Any CPU.Build.0 = Release|Any CPU
		{46DBED3F-72CA-4FE8-9C61-97C39E655F45}.Release|Mixed Platforms.ActiveCfg = Release|Any CPU
		{46DBED3F-72CA-4FE8-9C61-97C39E655F45}.Release|Mixed Platforms.Build.0 = Release|Any CPU
		{46DBED3F-72CA-4FE8-9C61-97C39E655F45}.Release|x86.ActiveCfg = Release|Any CPU
		{E16A3794-05FA-48A3-9CD2-32F168513F04}.Debug|Any CPU.ActiveCfg = Debug|Any CPU
		{E16A3794-05FA-48A3-9CD2-32F168513F04}.Debug|Any CPU.Build.0 = Debug|Any CPU
		{E16A3794-05FA-48A3-9CD2-32F168513F04}.Debug|Mixed Platforms.ActiveCfg = Debug|Any CPU
		{E16A3794-05FA-48A3-9CD2-32F168513F04}.Debug|Mixed Platforms.Build.0 = Debug|Any CPU
		{E16A3794-05FA-48A3-9CD2-32F168513F04}.Debug|x86.ActiveCfg = Debug|Any CPU
		{E16A3794-05FA-48A3-9CD2-32F168513F04}.Release|Any CPU.ActiveCfg = Release|Any CPU
		{E16A3794-05FA-48A3-9CD2-32F168513F04}.Release|Any CPU.Build.0 = Release|Any CPU
		{E16A3794-05FA-48A3-9CD2-32F168513F04}.Release|Mixed Platforms.ActiveCfg = Release|Any CPU
		{E16A3794-05FA-48A3-9CD2-32F168513F04}.Release|Mixed Platforms.Build.0 = Release|Any CPU
		{E16A3794-05FA-48A3-9CD2-32F168513F04}.Release|x86.ActiveCfg = Release|Any CPU
		{3602C091-EDB9-4233-9FC7-7E245DFEFD34}.Debug|Any CPU.ActiveCfg = Debug|Any CPU
		{3602C091-EDB9-4233-9FC7-7E245DFEFD34}.Debug|Any CPU.Build.0 = Debug|Any CPU
		{3602C091-EDB9-4233-9FC7-7E245DFEFD34}.Debug|Mixed Platforms.ActiveCfg = Debug|Any CPU
		{3602C091-EDB9-4233-9FC7-7E245DFEFD34}.Debug|Mixed Platforms.Build.0 = Debug|Any CPU
		{3602C091-EDB9-4233-9FC7-7E245DFEFD34}.Debug|x86.ActiveCfg = Debug|Any CPU
		{3602C091-EDB9-4233-9FC7-7E245DFEFD34}.Release|Any CPU.ActiveCfg = Release|Any CPU
		{3602C091-EDB9-4233-9FC7-7E245DFEFD34}.Release|Any CPU.Build.0 = Release|Any CPU
		{3602C091-EDB9-4233-9FC7-7E245DFEFD34}.Release|Mixed Platforms.ActiveCfg = Release|Any CPU
		{3602C091-EDB9-4233-9FC7-7E245DFEFD34}.Release|Mixed Platforms.Build.0 = Release|Any CPU
		{3602C091-EDB9-4233-9FC7-7E245DFEFD34}.Release|x86.ActiveCfg = Release|Any CPU
		{539BA0CF-E8E4-4501-A6A8-F7E695BCFA19}.Debug|Any CPU.ActiveCfg = Debug|Any CPU
		{539BA0CF-E8E4-4501-A6A8-F7E695BCFA19}.Debug|Any CPU.Build.0 = Debug|Any CPU
		{539BA0CF-E8E4-4501-A6A8-F7E695BCFA19}.Debug|Mixed Platforms.ActiveCfg = Debug|Any CPU
		{539BA0CF-E8E4-4501-A6A8-F7E695BCFA19}.Debug|Mixed Platforms.Build.0 = Debug|Any CPU
		{539BA0CF-E8E4-4501-A6A8-F7E695BCFA19}.Debug|x86.ActiveCfg = Debug|Any CPU
		{539BA0CF-E8E4-4501-A6A8-F7E695BCFA19}.Release|Any CPU.ActiveCfg = Release|Any CPU
		{539BA0CF-E8E4-4501-A6A8-F7E695BCFA19}.Release|Any CPU.Build.0 = Release|Any CPU
		{539BA0CF-E8E4-4501-A6A8-F7E695BCFA19}.Release|Mixed Platforms.ActiveCfg = Release|Any CPU
		{539BA0CF-E8E4-4501-A6A8-F7E695BCFA19}.Release|Mixed Platforms.Build.0 = Release|Any CPU
		{539BA0CF-E8E4-4501-A6A8-F7E695BCFA19}.Release|x86.ActiveCfg = Release|Any CPU
		{0194BC96-FBEE-49A9-9F9B-6FB7D55E810B}.Debug|Any CPU.ActiveCfg = Debug|x86
		{0194BC96-FBEE-49A9-9F9B-6FB7D55E810B}.Debug|Mixed Platforms.ActiveCfg = Debug|x86
		{0194BC96-FBEE-49A9-9F9B-6FB7D55E810B}.Debug|Mixed Platforms.Build.0 = Debug|x86
		{0194BC96-FBEE-49A9-9F9B-6FB7D55E810B}.Debug|x86.ActiveCfg = Debug|x86
		{0194BC96-FBEE-49A9-9F9B-6FB7D55E810B}.Debug|x86.Build.0 = Debug|x86
		{0194BC96-FBEE-49A9-9F9B-6FB7D55E810B}.Release|Any CPU.ActiveCfg = Release|x86
		{0194BC96-FBEE-49A9-9F9B-6FB7D55E810B}.Release|Mixed Platforms.ActiveCfg = Release|x86
		{0194BC96-FBEE-49A9-9F9B-6FB7D55E810B}.Release|Mixed Platforms.Build.0 = Release|x86
		{0194BC96-FBEE-49A9-9F9B-6FB7D55E810B}.Release|x86.ActiveCfg = Release|x86
		{0194BC96-FBEE-49A9-9F9B-6FB7D55E810B}.Release|x86.Build.0 = Release|x86
		{9061E52B-AB9F-4BCE-8840-850824B039D8}.Debug|Any CPU.ActiveCfg = Debug|Any CPU
		{9061E52B-AB9F-4BCE-8840-850824B039D8}.Debug|Any CPU.Build.0 = Debug|Any CPU
		{9061E52B-AB9F-4BCE-8840-850824B039D8}.Debug|Mixed Platforms.ActiveCfg = Debug|Any CPU
		{9061E52B-AB9F-4BCE-8840-850824B039D8}.Debug|Mixed Platforms.Build.0 = Debug|Any CPU
		{9061E52B-AB9F-4BCE-8840-850824B039D8}.Debug|x86.ActiveCfg = Debug|Any CPU
		{9061E52B-AB9F-4BCE-8840-850824B039D8}.Release|Any CPU.ActiveCfg = Release|Any CPU
		{9061E52B-AB9F-4BCE-8840-850824B039D8}.Release|Any CPU.Build.0 = Release|Any CPU
		{9061E52B-AB9F-4BCE-8840-850824B039D8}.Release|Mixed Platforms.ActiveCfg = Release|Any CPU
		{9061E52B-AB9F-4BCE-8840-850824B039D8}.Release|Mixed Platforms.Build.0 = Release|Any CPU
		{9061E52B-AB9F-4BCE-8840-850824B039D8}.Release|x86.ActiveCfg = Release|Any CPU
		{9E961ED4-69FD-42FE-B19C-3EAB67D1535B}.Debug|Any CPU.ActiveCfg = Debug|Any CPU
		{9E961ED4-69FD-42FE-B19C-3EAB67D1535B}.Debug|Any CPU.Build.0 = Debug|Any CPU
		{9E961ED4-69FD-42FE-B19C-3EAB67D1535B}.Debug|Mixed Platforms.ActiveCfg = Debug|Any CPU
		{9E961ED4-69FD-42FE-B19C-3EAB67D1535B}.Debug|Mixed Platforms.Build.0 = Debug|Any CPU
		{9E961ED4-69FD-42FE-B19C-3EAB67D1535B}.Debug|x86.ActiveCfg = Debug|Any CPU
		{9E961ED4-69FD-42FE-B19C-3EAB67D1535B}.Release|Any CPU.ActiveCfg = Release|Any CPU
		{9E961ED4-69FD-42FE-B19C-3EAB67D1535B}.Release|Any CPU.Build.0 = Release|Any CPU
		{9E961ED4-69FD-42FE-B19C-3EAB67D1535B}.Release|Mixed Platforms.ActiveCfg = Release|Any CPU
		{9E961ED4-69FD-42FE-B19C-3EAB67D1535B}.Release|Mixed Platforms.Build.0 = Release|Any CPU
		{9E961ED4-69FD-42FE-B19C-3EAB67D1535B}.Release|x86.ActiveCfg = Release|Any CPU
		{46A59617-2520-4509-8B41-204C9085ABC7}.Debug|Any CPU.ActiveCfg = Debug|Any CPU
		{46A59617-2520-4509-8B41-204C9085ABC7}.Debug|Any CPU.Build.0 = Debug|Any CPU
		{46A59617-2520-4509-8B41-204C9085ABC7}.Debug|Mixed Platforms.ActiveCfg = Debug|Any CPU
		{46A59617-2520-4509-8B41-204C9085ABC7}.Debug|Mixed Platforms.Build.0 = Debug|Any CPU
		{46A59617-2520-4509-8B41-204C9085ABC7}.Debug|x86.ActiveCfg = Debug|Any CPU
		{46A59617-2520-4509-8B41-204C9085ABC7}.Release|Any CPU.ActiveCfg = Release|Any CPU
		{46A59617-2520-4509-8B41-204C9085ABC7}.Release|Any CPU.Build.0 = Release|Any CPU
		{46A59617-2520-4509-8B41-204C9085ABC7}.Release|Mixed Platforms.ActiveCfg = Release|Any CPU
		{46A59617-2520-4509-8B41-204C9085ABC7}.Release|Mixed Platforms.Build.0 = Release|Any CPU
		{46A59617-2520-4509-8B41-204C9085ABC7}.Release|x86.ActiveCfg = Release|Any CPU
		{DB612EDF-A832-4E85-BC2A-73FFF7BB91E1}.Debug|Any CPU.ActiveCfg = Debug|Any CPU
		{DB612EDF-A832-4E85-BC2A-73FFF7BB91E1}.Debug|Any CPU.Build.0 = Debug|Any CPU
		{DB612EDF-A832-4E85-BC2A-73FFF7BB91E1}.Debug|Mixed Platforms.ActiveCfg = Debug|Any CPU
		{DB612EDF-A832-4E85-BC2A-73FFF7BB91E1}.Debug|Mixed Platforms.Build.0 = Debug|Any CPU
		{DB612EDF-A832-4E85-BC2A-73FFF7BB91E1}.Debug|x86.ActiveCfg = Debug|Any CPU
		{DB612EDF-A832-4E85-BC2A-73FFF7BB91E1}.Release|Any CPU.ActiveCfg = Release|Any CPU
		{DB612EDF-A832-4E85-BC2A-73FFF7BB91E1}.Release|Any CPU.Build.0 = Release|Any CPU
		{DB612EDF-A832-4E85-BC2A-73FFF7BB91E1}.Release|Mixed Platforms.ActiveCfg = Release|Any CPU
		{DB612EDF-A832-4E85-BC2A-73FFF7BB91E1}.Release|Mixed Platforms.Build.0 = Release|Any CPU
		{DB612EDF-A832-4E85-BC2A-73FFF7BB91E1}.Release|x86.ActiveCfg = Release|Any CPU
		{C1A8AD53-BCFC-447D-8C03-D7C453D2739E}.Debug|Any CPU.ActiveCfg = Debug|Any CPU
		{C1A8AD53-BCFC-447D-8C03-D7C453D2739E}.Debug|Any CPU.Build.0 = Debug|Any CPU
		{C1A8AD53-BCFC-447D-8C03-D7C453D2739E}.Debug|Mixed Platforms.ActiveCfg = Debug|Any CPU
		{C1A8AD53-BCFC-447D-8C03-D7C453D2739E}.Debug|Mixed Platforms.Build.0 = Debug|Any CPU
		{C1A8AD53-BCFC-447D-8C03-D7C453D2739E}.Debug|x86.ActiveCfg = Debug|Any CPU
		{C1A8AD53-BCFC-447D-8C03-D7C453D2739E}.Release|Any CPU.ActiveCfg = Release|Any CPU
		{C1A8AD53-BCFC-447D-8C03-D7C453D2739E}.Release|Any CPU.Build.0 = Release|Any CPU
		{C1A8AD53-BCFC-447D-8C03-D7C453D2739E}.Release|Mixed Platforms.ActiveCfg = Release|Any CPU
		{C1A8AD53-BCFC-447D-8C03-D7C453D2739E}.Release|Mixed Platforms.Build.0 = Release|Any CPU
		{C1A8AD53-BCFC-447D-8C03-D7C453D2739E}.Release|x86.ActiveCfg = Release|Any CPU
		{3CD3880F-DDEB-453D-895B-5E90AC66FE4A}.Debug|Any CPU.ActiveCfg = Debug|Any CPU
		{3CD3880F-DDEB-453D-895B-5E90AC66FE4A}.Debug|Any CPU.Build.0 = Debug|Any CPU
		{3CD3880F-DDEB-453D-895B-5E90AC66FE4A}.Debug|Mixed Platforms.ActiveCfg = Debug|Any CPU
		{3CD3880F-DDEB-453D-895B-5E90AC66FE4A}.Debug|Mixed Platforms.Build.0 = Debug|Any CPU
		{3CD3880F-DDEB-453D-895B-5E90AC66FE4A}.Debug|x86.ActiveCfg = Debug|Any CPU
		{3CD3880F-DDEB-453D-895B-5E90AC66FE4A}.Release|Any CPU.ActiveCfg = Release|Any CPU
		{3CD3880F-DDEB-453D-895B-5E90AC66FE4A}.Release|Any CPU.Build.0 = Release|Any CPU
		{3CD3880F-DDEB-453D-895B-5E90AC66FE4A}.Release|Mixed Platforms.ActiveCfg = Release|Any CPU
		{3CD3880F-DDEB-453D-895B-5E90AC66FE4A}.Release|Mixed Platforms.Build.0 = Release|Any CPU
		{3CD3880F-DDEB-453D-895B-5E90AC66FE4A}.Release|x86.ActiveCfg = Release|Any CPU
		{5453840C-79D7-4CCD-AE04-1BB00BD0AB52}.Debug|Any CPU.ActiveCfg = Debug|Any CPU
		{5453840C-79D7-4CCD-AE04-1BB00BD0AB52}.Debug|Any CPU.Build.0 = Debug|Any CPU
		{5453840C-79D7-4CCD-AE04-1BB00BD0AB52}.Debug|Mixed Platforms.ActiveCfg = Debug|Any CPU
		{5453840C-79D7-4CCD-AE04-1BB00BD0AB52}.Debug|Mixed Platforms.Build.0 = Debug|Any CPU
		{5453840C-79D7-4CCD-AE04-1BB00BD0AB52}.Debug|x86.ActiveCfg = Debug|Any CPU
		{5453840C-79D7-4CCD-AE04-1BB00BD0AB52}.Release|Any CPU.ActiveCfg = Release|Any CPU
		{5453840C-79D7-4CCD-AE04-1BB00BD0AB52}.Release|Any CPU.Build.0 = Release|Any CPU
		{5453840C-79D7-4CCD-AE04-1BB00BD0AB52}.Release|Mixed Platforms.ActiveCfg = Release|Any CPU
		{5453840C-79D7-4CCD-AE04-1BB00BD0AB52}.Release|Mixed Platforms.Build.0 = Release|Any CPU
		{5453840C-79D7-4CCD-AE04-1BB00BD0AB52}.Release|x86.ActiveCfg = Release|Any CPU
		{08D54C60-5744-423F-A700-9ABE13C62B20}.Debug|Any CPU.ActiveCfg = Debug|Any CPU
		{08D54C60-5744-423F-A700-9ABE13C62B20}.Debug|Any CPU.Build.0 = Debug|Any CPU
		{08D54C60-5744-423F-A700-9ABE13C62B20}.Debug|Mixed Platforms.ActiveCfg = Debug|Any CPU
		{08D54C60-5744-423F-A700-9ABE13C62B20}.Debug|Mixed Platforms.Build.0 = Debug|Any CPU
		{08D54C60-5744-423F-A700-9ABE13C62B20}.Debug|x86.ActiveCfg = Debug|Any CPU
		{08D54C60-5744-423F-A700-9ABE13C62B20}.Release|Any CPU.ActiveCfg = Release|Any CPU
		{08D54C60-5744-423F-A700-9ABE13C62B20}.Release|Any CPU.Build.0 = Release|Any CPU
		{08D54C60-5744-423F-A700-9ABE13C62B20}.Release|Mixed Platforms.ActiveCfg = Release|Any CPU
		{08D54C60-5744-423F-A700-9ABE13C62B20}.Release|Mixed Platforms.Build.0 = Release|Any CPU
		{08D54C60-5744-423F-A700-9ABE13C62B20}.Release|x86.ActiveCfg = Release|Any CPU
		{AF124673-8996-4EB5-A2E5-AF94C7B8F667}.Debug|Any CPU.ActiveCfg = Debug|Any CPU
		{AF124673-8996-4EB5-A2E5-AF94C7B8F667}.Debug|Any CPU.Build.0 = Debug|Any CPU
		{AF124673-8996-4EB5-A2E5-AF94C7B8F667}.Debug|Mixed Platforms.ActiveCfg = Debug|Any CPU
		{AF124673-8996-4EB5-A2E5-AF94C7B8F667}.Debug|Mixed Platforms.Build.0 = Debug|Any CPU
		{AF124673-8996-4EB5-A2E5-AF94C7B8F667}.Debug|x86.ActiveCfg = Debug|Any CPU
		{AF124673-8996-4EB5-A2E5-AF94C7B8F667}.Release|Any CPU.ActiveCfg = Release|Any CPU
		{AF124673-8996-4EB5-A2E5-AF94C7B8F667}.Release|Any CPU.Build.0 = Release|Any CPU
		{AF124673-8996-4EB5-A2E5-AF94C7B8F667}.Release|Mixed Platforms.ActiveCfg = Release|Any CPU
		{AF124673-8996-4EB5-A2E5-AF94C7B8F667}.Release|Mixed Platforms.Build.0 = Release|Any CPU
		{AF124673-8996-4EB5-A2E5-AF94C7B8F667}.Release|x86.ActiveCfg = Release|Any CPU
		{364C1936-361B-4996-84CA-74F44BD45164}.Debug|Any CPU.ActiveCfg = Debug|Any CPU
		{364C1936-361B-4996-84CA-74F44BD45164}.Debug|Any CPU.Build.0 = Debug|Any CPU
		{364C1936-361B-4996-84CA-74F44BD45164}.Debug|Mixed Platforms.ActiveCfg = Debug|Any CPU
		{364C1936-361B-4996-84CA-74F44BD45164}.Debug|Mixed Platforms.Build.0 = Debug|Any CPU
		{364C1936-361B-4996-84CA-74F44BD45164}.Debug|x86.ActiveCfg = Debug|Any CPU
		{364C1936-361B-4996-84CA-74F44BD45164}.Release|Any CPU.ActiveCfg = Release|Any CPU
		{364C1936-361B-4996-84CA-74F44BD45164}.Release|Any CPU.Build.0 = Release|Any CPU
		{364C1936-361B-4996-84CA-74F44BD45164}.Release|Mixed Platforms.ActiveCfg = Release|Any CPU
		{364C1936-361B-4996-84CA-74F44BD45164}.Release|Mixed Platforms.Build.0 = Release|Any CPU
		{364C1936-361B-4996-84CA-74F44BD45164}.Release|x86.ActiveCfg = Release|Any CPU
		{81D588A7-E841-4DA5-80FA-6CE53001F180}.Debug|Any CPU.ActiveCfg = Debug|Any CPU
		{81D588A7-E841-4DA5-80FA-6CE53001F180}.Debug|Any CPU.Build.0 = Debug|Any CPU
		{81D588A7-E841-4DA5-80FA-6CE53001F180}.Debug|Mixed Platforms.ActiveCfg = Debug|Any CPU
		{81D588A7-E841-4DA5-80FA-6CE53001F180}.Debug|Mixed Platforms.Build.0 = Debug|Any CPU
		{81D588A7-E841-4DA5-80FA-6CE53001F180}.Debug|x86.ActiveCfg = Debug|Any CPU
		{81D588A7-E841-4DA5-80FA-6CE53001F180}.Release|Any CPU.ActiveCfg = Release|Any CPU
		{81D588A7-E841-4DA5-80FA-6CE53001F180}.Release|Any CPU.Build.0 = Release|Any CPU
		{81D588A7-E841-4DA5-80FA-6CE53001F180}.Release|Mixed Platforms.ActiveCfg = Release|Any CPU
		{81D588A7-E841-4DA5-80FA-6CE53001F180}.Release|Mixed Platforms.Build.0 = Release|Any CPU
		{81D588A7-E841-4DA5-80FA-6CE53001F180}.Release|x86.ActiveCfg = Release|Any CPU
		{69F78AD6-72BC-4401-B9D4-49F13FA4CCD6}.Debug|Any CPU.ActiveCfg = Debug|x86
		{69F78AD6-72BC-4401-B9D4-49F13FA4CCD6}.Debug|Mixed Platforms.ActiveCfg = Debug|x86
		{69F78AD6-72BC-4401-B9D4-49F13FA4CCD6}.Debug|Mixed Platforms.Build.0 = Debug|x86
		{69F78AD6-72BC-4401-B9D4-49F13FA4CCD6}.Debug|x86.ActiveCfg = Debug|x86
		{69F78AD6-72BC-4401-B9D4-49F13FA4CCD6}.Debug|x86.Build.0 = Debug|x86
		{69F78AD6-72BC-4401-B9D4-49F13FA4CCD6}.Release|Any CPU.ActiveCfg = Release|x86
		{69F78AD6-72BC-4401-B9D4-49F13FA4CCD6}.Release|Mixed Platforms.ActiveCfg = Release|x86
		{69F78AD6-72BC-4401-B9D4-49F13FA4CCD6}.Release|Mixed Platforms.Build.0 = Release|x86
		{69F78AD6-72BC-4401-B9D4-49F13FA4CCD6}.Release|x86.ActiveCfg = Release|x86
		{69F78AD6-72BC-4401-B9D4-49F13FA4CCD6}.Release|x86.Build.0 = Release|x86
		{9B6D3610-03BE-4D2A-A797-F185503C06E2}.Debug|Any CPU.ActiveCfg = Debug|Any CPU
		{9B6D3610-03BE-4D2A-A797-F185503C06E2}.Debug|Any CPU.Build.0 = Debug|Any CPU
		{9B6D3610-03BE-4D2A-A797-F185503C06E2}.Debug|Mixed Platforms.ActiveCfg = Debug|Any CPU
		{9B6D3610-03BE-4D2A-A797-F185503C06E2}.Debug|Mixed Platforms.Build.0 = Debug|Any CPU
		{9B6D3610-03BE-4D2A-A797-F185503C06E2}.Debug|x86.ActiveCfg = Debug|Any CPU
		{9B6D3610-03BE-4D2A-A797-F185503C06E2}.Release|Any CPU.ActiveCfg = Release|Any CPU
		{9B6D3610-03BE-4D2A-A797-F185503C06E2}.Release|Any CPU.Build.0 = Release|Any CPU
		{9B6D3610-03BE-4D2A-A797-F185503C06E2}.Release|Mixed Platforms.ActiveCfg = Release|Any CPU
		{9B6D3610-03BE-4D2A-A797-F185503C06E2}.Release|Mixed Platforms.Build.0 = Release|Any CPU
		{9B6D3610-03BE-4D2A-A797-F185503C06E2}.Release|x86.ActiveCfg = Release|Any CPU
		{6C7BE524-C5E4-4647-A271-841CA6A0A221}.Debug|Any CPU.ActiveCfg = Debug|Any CPU
		{6C7BE524-C5E4-4647-A271-841CA6A0A221}.Debug|Any CPU.Build.0 = Debug|Any CPU
		{6C7BE524-C5E4-4647-A271-841CA6A0A221}.Debug|Mixed Platforms.ActiveCfg = Debug|Any CPU
		{6C7BE524-C5E4-4647-A271-841CA6A0A221}.Debug|Mixed Platforms.Build.0 = Debug|Any CPU
		{6C7BE524-C5E4-4647-A271-841CA6A0A221}.Debug|x86.ActiveCfg = Debug|Any CPU
		{6C7BE524-C5E4-4647-A271-841CA6A0A221}.Release|Any CPU.ActiveCfg = Release|Any CPU
		{6C7BE524-C5E4-4647-A271-841CA6A0A221}.Release|Any CPU.Build.0 = Release|Any CPU
		{6C7BE524-C5E4-4647-A271-841CA6A0A221}.Release|Mixed Platforms.ActiveCfg = Release|Any CPU
		{6C7BE524-C5E4-4647-A271-841CA6A0A221}.Release|Mixed Platforms.Build.0 = Release|Any CPU
		{6C7BE524-C5E4-4647-A271-841CA6A0A221}.Release|x86.ActiveCfg = Release|Any CPU
	EndGlobalSection
	GlobalSection(SolutionProperties) = preSolution
		HideSolutionNode = FALSE
	EndGlobalSection
	GlobalSection(NestedProjects) = preSolution
		{BF36681D-4869-48B6-B2E9-F78430206F62} = {06774EE4-8C3B-451A-AF4C-0A7DA4D1B4AA}
		{329592DA-BAC3-41D0-9197-EC1186A28560} = {06774EE4-8C3B-451A-AF4C-0A7DA4D1B4AA}
		{23DE10E6-3675-417C-A0E6-FE9CF566CBB0} = {06774EE4-8C3B-451A-AF4C-0A7DA4D1B4AA}
		{2D0DAEDD-96E3-4395-AA31-A2407B03CB95} = {06774EE4-8C3B-451A-AF4C-0A7DA4D1B4AA}
		{38A2CF20-3E58-4C61-AEAC-4230C0F3F8AC} = {06774EE4-8C3B-451A-AF4C-0A7DA4D1B4AA}
		{9F470F63-B509-4B5F-B2A4-3364914935E4} = {06774EE4-8C3B-451A-AF4C-0A7DA4D1B4AA}
		{2512C0B2-013C-4E2C-8BA1-29B919B3CFB3} = {06774EE4-8C3B-451A-AF4C-0A7DA4D1B4AA}
		{C1A8AD53-BCFC-447D-8C03-D7C453D2739E} = {06774EE4-8C3B-451A-AF4C-0A7DA4D1B4AA}
		{3CD3880F-DDEB-453D-895B-5E90AC66FE4A} = {06774EE4-8C3B-451A-AF4C-0A7DA4D1B4AA}
		{7F717114-B597-4B43-931A-529F696A549A} = {06774EE4-8C3B-451A-AF4C-0A7DA4D1B4AA}
		{5453840C-79D7-4CCD-AE04-1BB00BD0AB52} = {06774EE4-8C3B-451A-AF4C-0A7DA4D1B4AA}
		{364C1936-361B-4996-84CA-74F44BD45164} = {06774EE4-8C3B-451A-AF4C-0A7DA4D1B4AA}
		{81D588A7-E841-4DA5-80FA-6CE53001F180} = {06774EE4-8C3B-451A-AF4C-0A7DA4D1B4AA}
		{69F78AD6-72BC-4401-B9D4-49F13FA4CCD6} = {06774EE4-8C3B-451A-AF4C-0A7DA4D1B4AA}
		{9B6D3610-03BE-4D2A-A797-F185503C06E2} = {06774EE4-8C3B-451A-AF4C-0A7DA4D1B4AA}
		{6C7BE524-C5E4-4647-A271-841CA6A0A221} = {06774EE4-8C3B-451A-AF4C-0A7DA4D1B4AA}
		{03A4AE50-0401-4DDB-96E8-B90A5D64FA93} = {30AE155D-2346-47B8-B2D9-31E379BC288B}
		{48DC2445-A460-4B42-B175-10B0924B248C} = {30AE155D-2346-47B8-B2D9-31E379BC288B}
		{21FCE5EA-3C6D-43D7-9984-1278307AB77E} = {30AE155D-2346-47B8-B2D9-31E379BC288B}
		{C03A8167-F65E-4271-978C-E72914C9C311} = {30AE155D-2346-47B8-B2D9-31E379BC288B}
		{078ECB87-6595-448E-8054-FB999B0DB350} = {30AE155D-2346-47B8-B2D9-31E379BC288B}
		{D85B51C1-9B97-4AF0-B0BE-BAE93866103A} = {30AE155D-2346-47B8-B2D9-31E379BC288B}
		{C8B19127-C82E-45C5-8A6D-DA22AE9C8A7B} = {30AE155D-2346-47B8-B2D9-31E379BC288B}
		{D8273634-E428-474A-98EB-4D9374F782A2} = {30AE155D-2346-47B8-B2D9-31E379BC288B}
		{BBF59724-E4CC-4243-9E43-9860B39EAB69} = {30AE155D-2346-47B8-B2D9-31E379BC288B}
		{60E87E13-151E-40A4-A896-D1C3E2B4DEE7} = {30AE155D-2346-47B8-B2D9-31E379BC288B}
		{EE635BC7-9410-471D-9C8C-A89302DF0822} = {30AE155D-2346-47B8-B2D9-31E379BC288B}
		{3AB44594-75F2-4D20-8450-F3FA9D4DE763} = {30AE155D-2346-47B8-B2D9-31E379BC288B}
		{08D54C60-5744-423F-A700-9ABE13C62B20} = {30AE155D-2346-47B8-B2D9-31E379BC288B}
		{AF124673-8996-4EB5-A2E5-AF94C7B8F667} = {30AE155D-2346-47B8-B2D9-31E379BC288B}
		{530515EF-6DFC-4A59-BCF2-F0F998DC6D89} = {142DFD1F-0003-416D-B1D4-A88C085D58EF}
		{F3B9AFC0-A8D9-4D7F-B660-54553A8A7A30} = {142DFD1F-0003-416D-B1D4-A88C085D58EF}
		{875FB8E5-8631-42E5-9DA2-8D8037627592} = {142DFD1F-0003-416D-B1D4-A88C085D58EF}
		{02959882-7BAC-4763-B26E-58ED362A9A3F} = {142DFD1F-0003-416D-B1D4-A88C085D58EF}
		{5E99415E-B741-446D-B640-6EDF90063994} = {4AEE3D3A-F2A8-4D4F-B4DD-344A98500473}
		{4681087B-F518-41B5-A6AB-5421F7BD198A} = {4AEE3D3A-F2A8-4D4F-B4DD-344A98500473}
		{823CF03D-74EC-4D3B-BEF1-7344F73E8E82} = {4AEE3D3A-F2A8-4D4F-B4DD-344A98500473}
		{11AB87CE-AC55-4371-B2FB-F8D8E445654F} = {4AEE3D3A-F2A8-4D4F-B4DD-344A98500473}
		{3CBEF415-B71A-4811-A615-8635A778E281} = {1A4E44EF-5291-4514-98E9-ECD3371C52CF}
		{14D5934C-F462-4087-89A9-579E7F7BE704} = {1A4E44EF-5291-4514-98E9-ECD3371C52CF}
		{C2F4F0D8-979A-4DCB-AC26-9701F7D46224} = {1A4E44EF-5291-4514-98E9-ECD3371C52CF}
		{1AE81111-2088-4963-BBFC-27C7D098FD80} = {1A4E44EF-5291-4514-98E9-ECD3371C52CF}
		{E16A3794-05FA-48A3-9CD2-32F168513F04} = {0D0B2FD8-835E-4441-8541-A43E851C2DFF}
		{3602C091-EDB9-4233-9FC7-7E245DFEFD34} = {0D0B2FD8-835E-4441-8541-A43E851C2DFF}
		{539BA0CF-E8E4-4501-A6A8-F7E695BCFA19} = {0D0B2FD8-835E-4441-8541-A43E851C2DFF}
		{46DBED3F-72CA-4FE8-9C61-97C39E655F45} = {0D0B2FD8-835E-4441-8541-A43E851C2DFF}
	EndGlobalSection
	GlobalSection(ExtensibilityGlobals) = postSolution
		EnterpriseLibraryConfigurationToolBinariesPath = packages\Unity.2.1.505.0\lib\NET35
	EndGlobalSection
EndGlobal
